// !$*UTF8*$!
{
	archiveVersion = 1;
	classes = {
	};
	objectVersion = 56;
	objects = {

/* Begin PBXBuildFile section */
		92D6B3FD28E19E20004CF9DF /* AppDelegate.swift in Sources */ = {isa = PBXBuildFile; fileRef = 92D6B3FC28E19E20004CF9DF /* AppDelegate.swift */; };
		92D6B3FF28E19E20004CF9DF /* SceneDelegate.swift in Sources */ = {isa = PBXBuildFile; fileRef = 92D6B3FE28E19E20004CF9DF /* SceneDelegate.swift */; };
		92D6B40128E19E20004CF9DF /* ViewController.swift in Sources */ = {isa = PBXBuildFile; fileRef = 92D6B40028E19E20004CF9DF /* ViewController.swift */; };
		92D6B40428E19E20004CF9DF /* Main.storyboard in Resources */ = {isa = PBXBuildFile; fileRef = 92D6B40228E19E20004CF9DF /* Main.storyboard */; };
		92D6B40628E19E21004CF9DF /* Assets.xcassets in Resources */ = {isa = PBXBuildFile; fileRef = 92D6B40528E19E21004CF9DF /* Assets.xcassets */; };
		92D6B40928E19E21004CF9DF /* LaunchScreen.storyboard in Resources */ = {isa = PBXBuildFile; fileRef = 92D6B40728E19E21004CF9DF /* LaunchScreen.storyboard */; };
		92D6B41228E1D765004CF9DF /* Vapor in Frameworks */ = {isa = PBXBuildFile; productRef = 92D6B41128E1D765004CF9DF /* Vapor */; };
		92D6B41428E1E133004CF9DF /* DVPNServer.swift in Sources */ = {isa = PBXBuildFile; fileRef = 92D6B41328E1E133004CF9DF /* DVPNServer.swift */; };
		92D6B41828E2DC85004CF9DF /* NodesRouteCollection.swift in Sources */ = {isa = PBXBuildFile; fileRef = 92D6B41728E2DC85004CF9DF /* NodesRouteCollection.swift */; };
		92D6B41E28E2F64D004CF9DF /* ClientConstants.swift in Sources */ = {isa = PBXBuildFile; fileRef = 92D6B41D28E2F64D004CF9DF /* ClientConstants.swift */; };
		92D6B44D28E438EF004CF9DF /* Alamofire in Frameworks */ = {isa = PBXBuildFile; productRef = 92D6B44C28E438EF004CF9DF /* Alamofire */; };
/* End PBXBuildFile section */

/* Begin PBXFileReference section */
		92D6B3F928E19E20004CF9DF /* SOLARdVPNCommunityCoreiOS.app */ = {isa = PBXFileReference; explicitFileType = wrapper.application; includeInIndex = 0; path = SOLARdVPNCommunityCoreiOS.app; sourceTree = BUILT_PRODUCTS_DIR; };
		92D6B3FC28E19E20004CF9DF /* AppDelegate.swift */ = {isa = PBXFileReference; lastKnownFileType = sourcecode.swift; path = AppDelegate.swift; sourceTree = "<group>"; };
		92D6B3FE28E19E20004CF9DF /* SceneDelegate.swift */ = {isa = PBXFileReference; lastKnownFileType = sourcecode.swift; path = SceneDelegate.swift; sourceTree = "<group>"; };
		92D6B40028E19E20004CF9DF /* ViewController.swift */ = {isa = PBXFileReference; lastKnownFileType = sourcecode.swift; path = ViewController.swift; sourceTree = "<group>"; };
		92D6B40328E19E20004CF9DF /* Base */ = {isa = PBXFileReference; lastKnownFileType = file.storyboard; name = Base; path = Base.lproj/Main.storyboard; sourceTree = "<group>"; };
		92D6B40528E19E21004CF9DF /* Assets.xcassets */ = {isa = PBXFileReference; lastKnownFileType = folder.assetcatalog; path = Assets.xcassets; sourceTree = "<group>"; };
		92D6B40828E19E21004CF9DF /* Base */ = {isa = PBXFileReference; lastKnownFileType = file.storyboard; name = Base; path = Base.lproj/LaunchScreen.storyboard; sourceTree = "<group>"; };
		92D6B40A28E19E21004CF9DF /* Info.plist */ = {isa = PBXFileReference; lastKnownFileType = text.plist.xml; path = Info.plist; sourceTree = "<group>"; };
		92D6B41328E1E133004CF9DF /* DVPNServer.swift */ = {isa = PBXFileReference; lastKnownFileType = sourcecode.swift; path = DVPNServer.swift; sourceTree = "<group>"; };
		92D6B41728E2DC85004CF9DF /* NodesRouteCollection.swift */ = {isa = PBXFileReference; lastKnownFileType = sourcecode.swift; path = NodesRouteCollection.swift; sourceTree = "<group>"; };
		92D6B41D28E2F64D004CF9DF /* ClientConstants.swift */ = {isa = PBXFileReference; lastKnownFileType = sourcecode.swift; path = ClientConstants.swift; sourceTree = "<group>"; };
/* End PBXFileReference section */

/* Begin PBXFrameworksBuildPhase section */
		92D6B3F628E19E20004CF9DF /* Frameworks */ = {
			isa = PBXFrameworksBuildPhase;
			buildActionMask = 2147483647;
			files = (
				92D6B44D28E438EF004CF9DF /* Alamofire in Frameworks */,
				92D6B41228E1D765004CF9DF /* Vapor in Frameworks */,
			);
			runOnlyForDeploymentPostprocessing = 0;
		};
/* End PBXFrameworksBuildPhase section */

/* Begin PBXGroup section */
		92D6B3F028E19E20004CF9DF = {
			isa = PBXGroup;
			children = (
				92D6B3FB28E19E20004CF9DF /* SOLARdVPNCommunityCoreiOS */,
				92D6B3FA28E19E20004CF9DF /* Products */,
			);
			sourceTree = "<group>";
		};
		92D6B3FA28E19E20004CF9DF /* Products */ = {
			isa = PBXGroup;
			children = (
				92D6B3F928E19E20004CF9DF /* SOLARdVPNCommunityCoreiOS.app */,
			);
			name = Products;
			sourceTree = "<group>";
		};
		92D6B3FB28E19E20004CF9DF /* SOLARdVPNCommunityCoreiOS */ = {
			isa = PBXGroup;
			children = (
				92D6B41B28E2F62A004CF9DF /* Common */,
				92D6B3FC28E19E20004CF9DF /* AppDelegate.swift */,
				92D6B3FE28E19E20004CF9DF /* SceneDelegate.swift */,
				92D6B41328E1E133004CF9DF /* DVPNServer.swift */,
				92D6B41728E2DC85004CF9DF /* NodesRouteCollection.swift */,
				92D6B40028E19E20004CF9DF /* ViewController.swift */,
				92D6B40228E19E20004CF9DF /* Main.storyboard */,
				92D6B40528E19E21004CF9DF /* Assets.xcassets */,
				92D6B40728E19E21004CF9DF /* LaunchScreen.storyboard */,
				92D6B40A28E19E21004CF9DF /* Info.plist */,
			);
			path = SOLARdVPNCommunityCoreiOS;
			sourceTree = "<group>";
		};
		92D6B41B28E2F62A004CF9DF /* Common */ = {
			isa = PBXGroup;
			children = (
				92D6B41C28E2F63D004CF9DF /* Utilities */,
			);
			path = Common;
			sourceTree = "<group>";
		};
		92D6B41C28E2F63D004CF9DF /* Utilities */ = {
			isa = PBXGroup;
			children = (
				92D6B41D28E2F64D004CF9DF /* ClientConstants.swift */,
			);
			path = Utilities;
			sourceTree = "<group>";
		};
/* End PBXGroup section */

/* Begin PBXNativeTarget section */
		92D6B3F828E19E20004CF9DF /* SOLARdVPNCommunityCoreiOS */ = {
			isa = PBXNativeTarget;
			buildConfigurationList = 92D6B40D28E19E21004CF9DF /* Build configuration list for PBXNativeTarget "SOLARdVPNCommunityCoreiOS" */;
			buildPhases = (
				92D6B3F528E19E20004CF9DF /* Sources */,
				92D6B3F628E19E20004CF9DF /* Frameworks */,
				92D6B3F728E19E20004CF9DF /* Resources */,
			);
			buildRules = (
			);
			dependencies = (
			);
			name = SOLARdVPNCommunityCoreiOS;
			packageProductDependencies = (
				92D6B41128E1D765004CF9DF /* Vapor */,
				92D6B44C28E438EF004CF9DF /* Alamofire */,
			);
			productName = SolardVPNCommunityCoreiOS;
			productReference = 92D6B3F928E19E20004CF9DF /* SOLARdVPNCommunityCoreiOS.app */;
			productType = "com.apple.product-type.application";
		};
/* End PBXNativeTarget section */

/* Begin PBXProject section */
		92D6B3F128E19E20004CF9DF /* Project object */ = {
			isa = PBXProject;
			attributes = {
				BuildIndependentTargetsInParallel = 1;
				LastSwiftUpdateCheck = 1400;
				LastUpgradeCheck = 1400;
				TargetAttributes = {
					92D6B3F828E19E20004CF9DF = {
						CreatedOnToolsVersion = 14.0;
					};
				};
			};
			buildConfigurationList = 92D6B3F428E19E20004CF9DF /* Build configuration list for PBXProject "SOLARdVPNCommunityCoreiOS" */;
			compatibilityVersion = "Xcode 14.0";
			developmentRegion = en;
			hasScannedForEncodings = 0;
			knownRegions = (
				en,
				Base,
			);
			mainGroup = 92D6B3F028E19E20004CF9DF;
			packageReferences = (
				92D6B41028E1D765004CF9DF /* XCRemoteSwiftPackageReference "vapor" */,
			);
			productRefGroup = 92D6B3FA28E19E20004CF9DF /* Products */;
			projectDirPath = "";
			projectRoot = "";
			targets = (
				92D6B3F828E19E20004CF9DF /* SOLARdVPNCommunityCoreiOS */,
			);
		};
/* End PBXProject section */

/* Begin PBXResourcesBuildPhase section */
		92D6B3F728E19E20004CF9DF /* Resources */ = {
			isa = PBXResourcesBuildPhase;
			buildActionMask = 2147483647;
			files = (
				92D6B40928E19E21004CF9DF /* LaunchScreen.storyboard in Resources */,
				92D6B40628E19E21004CF9DF /* Assets.xcassets in Resources */,
				92D6B40428E19E20004CF9DF /* Main.storyboard in Resources */,
			);
			runOnlyForDeploymentPostprocessing = 0;
		};
/* End PBXResourcesBuildPhase section */

/* Begin PBXSourcesBuildPhase section */
		92D6B3F528E19E20004CF9DF /* Sources */ = {
			isa = PBXSourcesBuildPhase;
			buildActionMask = 2147483647;
			files = (
				92D6B40128E19E20004CF9DF /* ViewController.swift in Sources */,
				92D6B41828E2DC85004CF9DF /* NodesRouteCollection.swift in Sources */,
				92D6B3FD28E19E20004CF9DF /* AppDelegate.swift in Sources */,
				92D6B41428E1E133004CF9DF /* DVPNServer.swift in Sources */,
				92D6B41E28E2F64D004CF9DF /* ClientConstants.swift in Sources */,
				92D6B3FF28E19E20004CF9DF /* SceneDelegate.swift in Sources */,
			);
			runOnlyForDeploymentPostprocessing = 0;
		};
/* End PBXSourcesBuildPhase section */

/* Begin PBXVariantGroup section */
		92D6B40228E19E20004CF9DF /* Main.storyboard */ = {
			isa = PBXVariantGroup;
			children = (
				92D6B40328E19E20004CF9DF /* Base */,
			);
			name = Main.storyboard;
			sourceTree = "<group>";
		};
		92D6B40728E19E21004CF9DF /* LaunchScreen.storyboard */ = {
			isa = PBXVariantGroup;
			children = (
				92D6B40828E19E21004CF9DF /* Base */,
			);
			name = LaunchScreen.storyboard;
			sourceTree = "<group>";
		};
/* End PBXVariantGroup section */

/* Begin XCBuildConfiguration section */
		92D6B40B28E19E21004CF9DF /* Debug */ = {
			isa = XCBuildConfiguration;
			buildSettings = {
				ALWAYS_SEARCH_USER_PATHS = NO;
				CLANG_ANALYZER_NONNULL = YES;
				CLANG_ANALYZER_NUMBER_OBJECT_CONVERSION = YES_AGGRESSIVE;
				CLANG_CXX_LANGUAGE_STANDARD = "gnu++20";
				CLANG_ENABLE_MODULES = YES;
				CLANG_ENABLE_OBJC_ARC = YES;
				CLANG_ENABLE_OBJC_WEAK = YES;
				CLANG_WARN_BLOCK_CAPTURE_AUTORELEASING = YES;
				CLANG_WARN_BOOL_CONVERSION = YES;
				CLANG_WARN_COMMA = YES;
				CLANG_WARN_CONSTANT_CONVERSION = YES;
				CLANG_WARN_DEPRECATED_OBJC_IMPLEMENTATIONS = YES;
				CLANG_WARN_DIRECT_OBJC_ISA_USAGE = YES_ERROR;
				CLANG_WARN_DOCUMENTATION_COMMENTS = YES;
				CLANG_WARN_EMPTY_BODY = YES;
				CLANG_WARN_ENUM_CONVERSION = YES;
				CLANG_WARN_INFINITE_RECURSION = YES;
				CLANG_WARN_INT_CONVERSION = YES;
				CLANG_WARN_NON_LITERAL_NULL_CONVERSION = YES;
				CLANG_WARN_OBJC_IMPLICIT_RETAIN_SELF = YES;
				CLANG_WARN_OBJC_LITERAL_CONVERSION = YES;
				CLANG_WARN_OBJC_ROOT_CLASS = YES_ERROR;
				CLANG_WARN_QUOTED_INCLUDE_IN_FRAMEWORK_HEADER = YES;
				CLANG_WARN_RANGE_LOOP_ANALYSIS = YES;
				CLANG_WARN_STRICT_PROTOTYPES = YES;
				CLANG_WARN_SUSPICIOUS_MOVE = YES;
				CLANG_WARN_UNGUARDED_AVAILABILITY = YES_AGGRESSIVE;
				CLANG_WARN_UNREACHABLE_CODE = YES;
				CLANG_WARN__DUPLICATE_METHOD_MATCH = YES;
				COPY_PHASE_STRIP = NO;
				DEBUG_INFORMATION_FORMAT = dwarf;
				ENABLE_STRICT_OBJC_MSGSEND = YES;
				ENABLE_TESTABILITY = YES;
				GCC_C_LANGUAGE_STANDARD = gnu11;
				GCC_DYNAMIC_NO_PIC = NO;
				GCC_NO_COMMON_BLOCKS = YES;
				GCC_OPTIMIZATION_LEVEL = 0;
				GCC_PREPROCESSOR_DEFINITIONS = (
					"DEBUG=1",
					"$(inherited)",
				);
				GCC_WARN_64_TO_32_BIT_CONVERSION = YES;
				GCC_WARN_ABOUT_RETURN_TYPE = YES_ERROR;
				GCC_WARN_UNDECLARED_SELECTOR = YES;
				GCC_WARN_UNINITIALIZED_AUTOS = YES_AGGRESSIVE;
				GCC_WARN_UNUSED_FUNCTION = YES;
				GCC_WARN_UNUSED_VARIABLE = YES;
				IPHONEOS_DEPLOYMENT_TARGET = 15.0;
				MTL_ENABLE_DEBUG_INFO = INCLUDE_SOURCE;
				MTL_FAST_MATH = YES;
				ONLY_ACTIVE_ARCH = YES;
				SDKROOT = iphoneos;
				SWIFT_ACTIVE_COMPILATION_CONDITIONS = DEBUG;
				SWIFT_OPTIMIZATION_LEVEL = "-Onone";
			};
			name = Debug;
		};
		92D6B40C28E19E21004CF9DF /* Release */ = {
			isa = XCBuildConfiguration;
			buildSettings = {
				ALWAYS_SEARCH_USER_PATHS = NO;
				CLANG_ANALYZER_NONNULL = YES;
				CLANG_ANALYZER_NUMBER_OBJECT_CONVERSION = YES_AGGRESSIVE;
				CLANG_CXX_LANGUAGE_STANDARD = "gnu++20";
				CLANG_ENABLE_MODULES = YES;
				CLANG_ENABLE_OBJC_ARC = YES;
				CLANG_ENABLE_OBJC_WEAK = YES;
				CLANG_WARN_BLOCK_CAPTURE_AUTORELEASING = YES;
				CLANG_WARN_BOOL_CONVERSION = YES;
				CLANG_WARN_COMMA = YES;
				CLANG_WARN_CONSTANT_CONVERSION = YES;
				CLANG_WARN_DEPRECATED_OBJC_IMPLEMENTATIONS = YES;
				CLANG_WARN_DIRECT_OBJC_ISA_USAGE = YES_ERROR;
				CLANG_WARN_DOCUMENTATION_COMMENTS = YES;
				CLANG_WARN_EMPTY_BODY = YES;
				CLANG_WARN_ENUM_CONVERSION = YES;
				CLANG_WARN_INFINITE_RECURSION = YES;
				CLANG_WARN_INT_CONVERSION = YES;
				CLANG_WARN_NON_LITERAL_NULL_CONVERSION = YES;
				CLANG_WARN_OBJC_IMPLICIT_RETAIN_SELF = YES;
				CLANG_WARN_OBJC_LITERAL_CONVERSION = YES;
				CLANG_WARN_OBJC_ROOT_CLASS = YES_ERROR;
				CLANG_WARN_QUOTED_INCLUDE_IN_FRAMEWORK_HEADER = YES;
				CLANG_WARN_RANGE_LOOP_ANALYSIS = YES;
				CLANG_WARN_STRICT_PROTOTYPES = YES;
				CLANG_WARN_SUSPICIOUS_MOVE = YES;
				CLANG_WARN_UNGUARDED_AVAILABILITY = YES_AGGRESSIVE;
				CLANG_WARN_UNREACHABLE_CODE = YES;
				CLANG_WARN__DUPLICATE_METHOD_MATCH = YES;
				COPY_PHASE_STRIP = NO;
				DEBUG_INFORMATION_FORMAT = "dwarf-with-dsym";
				ENABLE_NS_ASSERTIONS = NO;
				ENABLE_STRICT_OBJC_MSGSEND = YES;
				GCC_C_LANGUAGE_STANDARD = gnu11;
				GCC_NO_COMMON_BLOCKS = YES;
				GCC_WARN_64_TO_32_BIT_CONVERSION = YES;
				GCC_WARN_ABOUT_RETURN_TYPE = YES_ERROR;
				GCC_WARN_UNDECLARED_SELECTOR = YES;
				GCC_WARN_UNINITIALIZED_AUTOS = YES_AGGRESSIVE;
				GCC_WARN_UNUSED_FUNCTION = YES;
				GCC_WARN_UNUSED_VARIABLE = YES;
				IPHONEOS_DEPLOYMENT_TARGET = 15.0;
				MTL_ENABLE_DEBUG_INFO = NO;
				MTL_FAST_MATH = YES;
				SDKROOT = iphoneos;
				SWIFT_COMPILATION_MODE = wholemodule;
				SWIFT_OPTIMIZATION_LEVEL = "-O";
				VALIDATE_PRODUCT = YES;
			};
			name = Release;
		};
		92D6B40E28E19E21004CF9DF /* Debug */ = {
			isa = XCBuildConfiguration;
			buildSettings = {
				ASSETCATALOG_COMPILER_APPICON_NAME = AppIcon;
				ASSETCATALOG_COMPILER_GLOBAL_ACCENT_COLOR_NAME = AccentColor;
				CODE_SIGN_STYLE = Automatic;
				CURRENT_PROJECT_VERSION = 1;
				DEVELOPMENT_TEAM = FVU6756987;
				GENERATE_INFOPLIST_FILE = YES;
				INFOPLIST_FILE = SolardVPNCommunityCoreiOS/Info.plist;
				INFOPLIST_KEY_UIApplicationSupportsIndirectInputEvents = YES;
				INFOPLIST_KEY_UILaunchStoryboardName = LaunchScreen;
				INFOPLIST_KEY_UIMainStoryboardFile = Main;
				INFOPLIST_KEY_UISupportedInterfaceOrientations_iPad = "UIInterfaceOrientationPortrait UIInterfaceOrientationPortraitUpsideDown UIInterfaceOrientationLandscapeLeft UIInterfaceOrientationLandscapeRight";
				INFOPLIST_KEY_UISupportedInterfaceOrientations_iPhone = "UIInterfaceOrientationPortrait UIInterfaceOrientationLandscapeLeft UIInterfaceOrientationLandscapeRight";
				LD_RUNPATH_SEARCH_PATHS = (
					"$(inherited)",
					"@executable_path/Frameworks",
				);
				MARKETING_VERSION = 1.0;
				PRODUCT_BUNDLE_IDENTIFIER = "ee.solarlabs.community-core.ios";
				PRODUCT_NAME = "$(TARGET_NAME)";
				SWIFT_EMIT_LOC_STRINGS = YES;
				SWIFT_VERSION = 5.0;
				TARGETED_DEVICE_FAMILY = "1,2";
			};
			name = Debug;
		};
		92D6B40F28E19E21004CF9DF /* Release */ = {
			isa = XCBuildConfiguration;
			buildSettings = {
				ASSETCATALOG_COMPILER_APPICON_NAME = AppIcon;
				ASSETCATALOG_COMPILER_GLOBAL_ACCENT_COLOR_NAME = AccentColor;
				CODE_SIGN_STYLE = Automatic;
				CURRENT_PROJECT_VERSION = 1;
				DEVELOPMENT_TEAM = FVU6756987;
				GENERATE_INFOPLIST_FILE = YES;
				INFOPLIST_FILE = SolardVPNCommunityCoreiOS/Info.plist;
				INFOPLIST_KEY_UIApplicationSupportsIndirectInputEvents = YES;
				INFOPLIST_KEY_UILaunchStoryboardName = LaunchScreen;
				INFOPLIST_KEY_UIMainStoryboardFile = Main;
				INFOPLIST_KEY_UISupportedInterfaceOrientations_iPad = "UIInterfaceOrientationPortrait UIInterfaceOrientationPortraitUpsideDown UIInterfaceOrientationLandscapeLeft UIInterfaceOrientationLandscapeRight";
				INFOPLIST_KEY_UISupportedInterfaceOrientations_iPhone = "UIInterfaceOrientationPortrait UIInterfaceOrientationLandscapeLeft UIInterfaceOrientationLandscapeRight";
				LD_RUNPATH_SEARCH_PATHS = (
					"$(inherited)",
					"@executable_path/Frameworks",
				);
				MARKETING_VERSION = 1.0;
				PRODUCT_BUNDLE_IDENTIFIER = "ee.solarlabs.community-core.ios";
				PRODUCT_NAME = "$(TARGET_NAME)";
				SWIFT_EMIT_LOC_STRINGS = YES;
				SWIFT_VERSION = 5.0;
				TARGETED_DEVICE_FAMILY = "1,2";
			};
			name = Release;
		};
/* End XCBuildConfiguration section */

/* Begin XCConfigurationList section */
		92D6B3F428E19E20004CF9DF /* Build configuration list for PBXProject "SOLARdVPNCommunityCoreiOS" */ = {
			isa = XCConfigurationList;
			buildConfigurations = (
				92D6B40B28E19E21004CF9DF /* Debug */,
				92D6B40C28E19E21004CF9DF /* Release */,
			);
			defaultConfigurationIsVisible = 0;
			defaultConfigurationName = Release;
		};
		92D6B40D28E19E21004CF9DF /* Build configuration list for PBXNativeTarget "SOLARdVPNCommunityCoreiOS" */ = {
			isa = XCConfigurationList;
			buildConfigurations = (
				92D6B40E28E19E21004CF9DF /* Debug */,
				92D6B40F28E19E21004CF9DF /* Release */,
			);
			defaultConfigurationIsVisible = 0;
			defaultConfigurationName = Release;
		};
/* End XCConfigurationList section */

/* Begin XCRemoteSwiftPackageReference section */
		92D6B41028E1D765004CF9DF /* XCRemoteSwiftPackageReference "vapor" */ = {
			isa = XCRemoteSwiftPackageReference;
			repositoryURL = "https://github.com/vapor/vapor.git";
			requirement = {
				kind = upToNextMinorVersion;
				minimumVersion = 4.65.2;
			};
		};
		92D6B44B28E438EF004CF9DF /* XCRemoteSwiftPackageReference "Alamofire" */ = {
			isa = XCRemoteSwiftPackageReference;
			repositoryURL = "https://github.com/Alamofire/Alamofire.git";
			requirement = {
				branch = master;
				kind = branch;
			};
		};
/* End XCRemoteSwiftPackageReference section */

/* Begin XCSwiftPackageProductDependency section */
		92D6B41128E1D765004CF9DF /* Vapor */ = {
			isa = XCSwiftPackageProductDependency;
			package = 92D6B41028E1D765004CF9DF /* XCRemoteSwiftPackageReference "vapor" */;
			productName = Vapor;
		};
		92D6B44C28E438EF004CF9DF /* Alamofire */ = {
			isa = XCSwiftPackageProductDependency;
			package = 92D6B44B28E438EF004CF9DF /* XCRemoteSwiftPackageReference "Alamofire" */;
			productName = Alamofire;
		};
/* End XCSwiftPackageProductDependency section */
	};
	rootObject = 92D6B3F128E19E20004CF9DF /* Project object */;
}
