// !$*UTF8*$!
{
	archiveVersion = 1;
	classes = {
	};
	objectVersion = 56;
	objects = {

/* Begin PBXBuildFile section */
		22488A9128E7043200FE29C3 /* String+ArrayConversion.swift in Sources */ = {isa = PBXBuildFile; fileRef = 22C3EEA428E4733C007DB01B /* String+ArrayConversion.swift */; };
		22488A9328E726AA00FE29C3 /* TunnelRouteCollection.swift in Sources */ = {isa = PBXBuildFile; fileRef = 22488A9228E726A900FE29C3 /* TunnelRouteCollection.swift */; };
		22488A9628E7285500FE29C3 /* PostConnectionRequest.swift in Sources */ = {isa = PBXBuildFile; fileRef = 22488A9528E7285500FE29C3 /* PostConnectionRequest.swift */; };
		22488A9A28E729E600FE29C3 /* GeneralSettingsStorage.swift in Sources */ = {isa = PBXBuildFile; fileRef = 22488A9928E729E600FE29C3 /* GeneralSettingsStorage.swift */; };
		22488AA028E72C4E00FE29C3 /* UserDefaultsStorageStrategy.swift in Sources */ = {isa = PBXBuildFile; fileRef = 22488A9C28E72C4E00FE29C3 /* UserDefaultsStorageStrategy.swift */; };
		22488AA128E72C4E00FE29C3 /* SettingsStorageStrategyType.swift in Sources */ = {isa = PBXBuildFile; fileRef = 22488A9D28E72C4E00FE29C3 /* SettingsStorageStrategyType.swift */; };
		22488AA228E72C4E00FE29C3 /* KeychainStorageStrategy.swift in Sources */ = {isa = PBXBuildFile; fileRef = 22488A9E28E72C4E00FE29C3 /* KeychainStorageStrategy.swift */; };
		22488AA328E72C4E00FE29C3 /* StoresWallet.swift in Sources */ = {isa = PBXBuildFile; fileRef = 22488A9F28E72C4E00FE29C3 /* StoresWallet.swift */; };
		22488AA628E72CF000FE29C3 /* KeychainAccess in Frameworks */ = {isa = PBXBuildFile; productRef = 22488AA528E72CF000FE29C3 /* KeychainAccess */; };
		22C3EE9028E4638E007DB01B /* WireGuardNetworkExtension.appex in Embed Foundation Extensions */ = {isa = PBXBuildFile; fileRef = 22C3EE8728E4638E007DB01B /* WireGuardNetworkExtension.appex */; settings = {ATTRIBUTES = (RemoveHeadersOnCopy, ); }; };
		22C3EE9728E463D6007DB01B /* WireGuardKit in Frameworks */ = {isa = PBXBuildFile; productRef = 22C3EE9628E463D6007DB01B /* WireGuardKit */; };
		22C3EE9A28E464A1007DB01B /* Alamofire in Frameworks */ = {isa = PBXBuildFile; productRef = 22C3EE9928E464A1007DB01B /* Alamofire */; };
		22C3EEA728E4733C007DB01B /* Config.swift in Sources */ = {isa = PBXBuildFile; fileRef = 22C3EE9D28E4733C007DB01B /* Config.swift */; };
		22C3EEA828E4733C007DB01B /* Keychain.swift in Sources */ = {isa = PBXBuildFile; fileRef = 22C3EE9E28E4733C007DB01B /* Keychain.swift */; };
		22C3EEAA28E4733C007DB01B /* NETunnelProviderProtocol+Extension.swift in Sources */ = {isa = PBXBuildFile; fileRef = 22C3EEA228E4733C007DB01B /* NETunnelProviderProtocol+Extension.swift */; };
		22C3EEAB28E4733C007DB01B /* TunnelConfiguration+WireGuardConfig.swift in Sources */ = {isa = PBXBuildFile; fileRef = 22C3EEA328E4733C007DB01B /* TunnelConfiguration+WireGuardConfig.swift */; };
		22C3EEAD28E4733C007DB01B /* ConfigurationParseError.swift in Sources */ = {isa = PBXBuildFile; fileRef = 22C3EEA528E4733C007DB01B /* ConfigurationParseError.swift */; };
		22C3EEB128E473E5007DB01B /* SwiftyBeaver in Frameworks */ = {isa = PBXBuildFile; productRef = 22C3EEB028E473E5007DB01B /* SwiftyBeaver */; };
		22C3EEB228E4748E007DB01B /* String+ArrayConversion.swift in Sources */ = {isa = PBXBuildFile; fileRef = 22C3EEA428E4733C007DB01B /* String+ArrayConversion.swift */; };
		22C3EEB328E4748E007DB01B /* NETunnelProviderProtocol+Extension.swift in Sources */ = {isa = PBXBuildFile; fileRef = 22C3EEA228E4733C007DB01B /* NETunnelProviderProtocol+Extension.swift */; };
		22C3EEB428E4748E007DB01B /* Config.swift in Sources */ = {isa = PBXBuildFile; fileRef = 22C3EE9D28E4733C007DB01B /* Config.swift */; };
		22C3EEB528E4748E007DB01B /* Keychain.swift in Sources */ = {isa = PBXBuildFile; fileRef = 22C3EE9E28E4733C007DB01B /* Keychain.swift */; };
		22C3EEB728E4748E007DB01B /* TunnelConfiguration+WireGuardConfig.swift in Sources */ = {isa = PBXBuildFile; fileRef = 22C3EEA328E4733C007DB01B /* TunnelConfiguration+WireGuardConfig.swift */; };
		22C3EEB828E4748E007DB01B /* ConfigurationParseError.swift in Sources */ = {isa = PBXBuildFile; fileRef = 22C3EEA528E4733C007DB01B /* ConfigurationParseError.swift */; };
		22C3EEBA28E4830F007DB01B /* SwiftyBeaver in Frameworks */ = {isa = PBXBuildFile; productRef = 22C3EEB928E4830F007DB01B /* SwiftyBeaver */; };
		22C3EECA28E48B52007DB01B /* TunnelManager.swift in Sources */ = {isa = PBXBuildFile; fileRef = 22C3EEBD28E48B51007DB01B /* TunnelManager.swift */; };
		22C3EECB28E48B52007DB01B /* TunnelManagerType.swift in Sources */ = {isa = PBXBuildFile; fileRef = 22C3EEBE28E48B51007DB01B /* TunnelManagerType.swift */; };
		22C3EECC28E48B52007DB01B /* TunnelChanges.swift in Sources */ = {isa = PBXBuildFile; fileRef = 22C3EEC028E48B51007DB01B /* TunnelChanges.swift */; };
		22C3EECD28E48B52007DB01B /* TunnelInterfaceModel.swift in Sources */ = {isa = PBXBuildFile; fileRef = 22C3EEC128E48B51007DB01B /* TunnelInterfaceModel.swift */; };
		22C3EECE28E48B52007DB01B /* PeersModel.swift in Sources */ = {isa = PBXBuildFile; fileRef = 22C3EEC228E48B51007DB01B /* PeersModel.swift */; };
		22C3EECF28E48B52007DB01B /* TunnelSavingError.swift in Sources */ = {isa = PBXBuildFile; fileRef = 22C3EEC328E48B51007DB01B /* TunnelSavingError.swift */; };
		22C3EED028E48B52007DB01B /* TunnelModel.swift in Sources */ = {isa = PBXBuildFile; fileRef = 22C3EEC428E48B51007DB01B /* TunnelModel.swift */; };
		22C3EED128E48B52007DB01B /* TunnelStatus.swift in Sources */ = {isa = PBXBuildFile; fileRef = 22C3EEC628E48B51007DB01B /* TunnelStatus.swift */; };
		22C3EED228E48B52007DB01B /* TunnelContainer.swift in Sources */ = {isa = PBXBuildFile; fileRef = 22C3EEC728E48B51007DB01B /* TunnelContainer.swift */; };
		22C3EED328E48B52007DB01B /* TunnelsServiceStatusDelegate.swift in Sources */ = {isa = PBXBuildFile; fileRef = 22C3EEC828E48B51007DB01B /* TunnelsServiceStatusDelegate.swift */; };
		22C3EED428E48B52007DB01B /* TunnelsService.swift in Sources */ = {isa = PBXBuildFile; fileRef = 22C3EEC928E48B51007DB01B /* TunnelsService.swift */; };
		22C3EEE428E48D9A007DB01B /* NETunnelProviderManager+Ext.swift in Sources */ = {isa = PBXBuildFile; fileRef = 22C3EED728E48D9A007DB01B /* NETunnelProviderManager+Ext.swift */; };
		22C3EEE528E48D9A007DB01B /* NEVPNManager+Ext.swift in Sources */ = {isa = PBXBuildFile; fileRef = 22C3EED828E48D9A007DB01B /* NEVPNManager+Ext.swift */; };
		22C3EEE628E48D9A007DB01B /* TunnelConfiguration+Ext.swift in Sources */ = {isa = PBXBuildFile; fileRef = 22C3EED928E48D9A007DB01B /* TunnelConfiguration+Ext.swift */; };
		22C3EEE728E48D9A007DB01B /* NEVPNStatus+Ext.swift in Sources */ = {isa = PBXBuildFile; fileRef = 22C3EEDA28E48D9A007DB01B /* NEVPNStatus+Ext.swift */; };
		22C3EEE828E48D9A007DB01B /* Serializer.swift in Sources */ = {isa = PBXBuildFile; fileRef = 22C3EEDC28E48D9A007DB01B /* Serializer.swift */; };
		22C3EEED28E48D9A007DB01B /* SentinelNode+Ext.swift in Sources */ = {isa = PBXBuildFile; fileRef = 22C3EEE228E48D9A007DB01B /* SentinelNode+Ext.swift */; };
		22C3EEF128E48E2F007DB01B /* SentinelWallet in Frameworks */ = {isa = PBXBuildFile; productRef = 22C3EEF028E48E2F007DB01B /* SentinelWallet */; };
		22C3EEF628E48EBF007DB01B /* StoresDNSServers.swift in Sources */ = {isa = PBXBuildFile; fileRef = 22C3EEF328E48EBE007DB01B /* StoresDNSServers.swift */; };
		22C3EEF928E48F0B007DB01B /* DNSServerType.swift in Sources */ = {isa = PBXBuildFile; fileRef = 22C3EEF828E48F0A007DB01B /* DNSServerType.swift */; };
		22C3EEFB28E48F95007DB01B /* NotificationToken.swift in Sources */ = {isa = PBXBuildFile; fileRef = 22C3EEFA28E48F94007DB01B /* NotificationToken.swift */; };
		22C3EEFD28E6FC2C007DB01B /* WireGuardKit in Frameworks */ = {isa = PBXBuildFile; productRef = 22C3EE6928E460B2007DB01B /* WireGuardKit */; };
		22C3EF0328E6FD95007DB01B /* PacketTunnelProvider.swift in Sources */ = {isa = PBXBuildFile; fileRef = 22C3EF0028E6FD95007DB01B /* PacketTunnelProvider.swift */; };
		22C3EF0628E6FDDB007DB01B /* NetworkExtension.framework in Frameworks */ = {isa = PBXBuildFile; fileRef = 22C3EF0528E6FDDB007DB01B /* NetworkExtension.framework */; };
		22C3EF0728E6FDF8007DB01B /* NetworkExtension.framework in Frameworks */ = {isa = PBXBuildFile; fileRef = 22C3EF0528E6FDDB007DB01B /* NetworkExtension.framework */; };
		923C371428E5B898003CFC03 /* CommonContext.swift in Sources */ = {isa = PBXBuildFile; fileRef = 923C371328E5B898003CFC03 /* CommonContext.swift */; };
		923C371628E5B9DE003CFC03 /* ContextBuilder.swift in Sources */ = {isa = PBXBuildFile; fileRef = 923C371528E5B9DE003CFC03 /* ContextBuilder.swift */; };
		923C371828E5D20D003CFC03 /* GetNodesRequest.swift in Sources */ = {isa = PBXBuildFile; fileRef = 923C371728E5D20D003CFC03 /* GetNodesRequest.swift */; };
		923C371C28E5DA05003CFC03 /* OrderType.swift in Sources */ = {isa = PBXBuildFile; fileRef = 923C371B28E5DA05003CFC03 /* OrderType.swift */; };
		92D6B3FD28E19E20004CF9DF /* AppDelegate.swift in Sources */ = {isa = PBXBuildFile; fileRef = 92D6B3FC28E19E20004CF9DF /* AppDelegate.swift */; };
		92D6B3FF28E19E20004CF9DF /* SceneDelegate.swift in Sources */ = {isa = PBXBuildFile; fileRef = 92D6B3FE28E19E20004CF9DF /* SceneDelegate.swift */; };
		92D6B40128E19E20004CF9DF /* ViewController.swift in Sources */ = {isa = PBXBuildFile; fileRef = 92D6B40028E19E20004CF9DF /* ViewController.swift */; };
		92D6B40428E19E20004CF9DF /* Main.storyboard in Resources */ = {isa = PBXBuildFile; fileRef = 92D6B40228E19E20004CF9DF /* Main.storyboard */; };
		92D6B40628E19E21004CF9DF /* Assets.xcassets in Resources */ = {isa = PBXBuildFile; fileRef = 92D6B40528E19E21004CF9DF /* Assets.xcassets */; };
		92D6B40928E19E21004CF9DF /* LaunchScreen.storyboard in Resources */ = {isa = PBXBuildFile; fileRef = 92D6B40728E19E21004CF9DF /* LaunchScreen.storyboard */; };
		92D6B41228E1D765004CF9DF /* Vapor in Frameworks */ = {isa = PBXBuildFile; productRef = 92D6B41128E1D765004CF9DF /* Vapor */; };
		92D6B41428E1E133004CF9DF /* DVPNServer.swift in Sources */ = {isa = PBXBuildFile; fileRef = 92D6B41328E1E133004CF9DF /* DVPNServer.swift */; };
		92D6B41828E2DC85004CF9DF /* NodesRouteCollection.swift in Sources */ = {isa = PBXBuildFile; fileRef = 92D6B41728E2DC85004CF9DF /* NodesRouteCollection.swift */; };
		92D6B41E28E2F64D004CF9DF /* ClientConstants.swift in Sources */ = {isa = PBXBuildFile; fileRef = 92D6B41D28E2F64D004CF9DF /* ClientConstants.swift */; };
		92D6B42828E32900004CF9DF /* SOLARAPI.docc in Sources */ = {isa = PBXBuildFile; fileRef = 92D6B42728E32900004CF9DF /* SOLARAPI.docc */; };
		92D6B43628E32900004CF9DF /* SOLARAPI.h in Headers */ = {isa = PBXBuildFile; fileRef = 92D6B42628E32900004CF9DF /* SOLARAPI.h */; settings = {ATTRIBUTES = (Public, ); }; };
		92D6B43928E32900004CF9DF /* SOLARAPI.framework in Frameworks */ = {isa = PBXBuildFile; fileRef = 92D6B42428E32900004CF9DF /* SOLARAPI.framework */; };
		92D6B43A28E32900004CF9DF /* SOLARAPI.framework in Embed Frameworks */ = {isa = PBXBuildFile; fileRef = 92D6B42428E32900004CF9DF /* SOLARAPI.framework */; settings = {ATTRIBUTES = (CodeSignOnCopy, RemoveHeadersOnCopy, ); }; };
		92D6B44428E34A9B004CF9DF /* AnyEncodable.swift in Sources */ = {isa = PBXBuildFile; fileRef = 92D6B44328E34A9B004CF9DF /* AnyEncodable.swift */; };
		92D6B44628E34D7C004CF9DF /* APIRequest.swift in Sources */ = {isa = PBXBuildFile; fileRef = 92D6B44528E34D7C004CF9DF /* APIRequest.swift */; };
		92D6B44D28E438EF004CF9DF /* Alamofire in Frameworks */ = {isa = PBXBuildFile; productRef = 92D6B44C28E438EF004CF9DF /* Alamofire */; };
		92D6B44F28E45EA0004CF9DF /* NodesAPITarget.swift in Sources */ = {isa = PBXBuildFile; fileRef = 92D6B44E28E45EA0004CF9DF /* NodesAPITarget.swift */; };
		92D6B45228E45F03004CF9DF /* NodesProvider.swift in Sources */ = {isa = PBXBuildFile; fileRef = 92D6B45128E45F03004CF9DF /* NodesProvider.swift */; };
		92D6B45428E45F15004CF9DF /* NodesProviderType.swift in Sources */ = {isa = PBXBuildFile; fileRef = 92D6B45328E45F15004CF9DF /* NodesProviderType.swift */; };
		92D6B45628E4609E004CF9DF /* APITarget.swift in Sources */ = {isa = PBXBuildFile; fileRef = 92D6B45528E4609E004CF9DF /* APITarget.swift */; };
		92D6B45828E46118004CF9DF /* SOLARAPIProvider.swift in Sources */ = {isa = PBXBuildFile; fileRef = 92D6B45728E46118004CF9DF /* SOLARAPIProvider.swift */; };
		92D6B45A28E46283004CF9DF /* NetworkError.swift in Sources */ = {isa = PBXBuildFile; fileRef = 92D6B45928E46283004CF9DF /* NetworkError.swift */; };
		92D6B45D28E4636B004CF9DF /* GetNodesRequest.swift in Sources */ = {isa = PBXBuildFile; fileRef = 92D6B45C28E4636B004CF9DF /* GetNodesRequest.swift */; };
		92D6B45F28E4639D004CF9DF /* OrderType.swift in Sources */ = {isa = PBXBuildFile; fileRef = 92D6B45E28E4639D004CF9DF /* OrderType.swift */; };
		92D6B46128E463EF004CF9DF /* NodeStatusType.swift in Sources */ = {isa = PBXBuildFile; fileRef = 92D6B46028E463EF004CF9DF /* NodeStatusType.swift */; };
		92D6B46328E47240004CF9DF /* Node.swift in Sources */ = {isa = PBXBuildFile; fileRef = 92D6B46228E47240004CF9DF /* Node.swift */; };
		92D6B46628E47311004CF9DF /* PageResponse.swift in Sources */ = {isa = PBXBuildFile; fileRef = 92D6B46528E47311004CF9DF /* PageResponse.swift */; };
		92D6B46928E47471004CF9DF /* Alamofire in Frameworks */ = {isa = PBXBuildFile; productRef = 92D6B46828E47471004CF9DF /* Alamofire */; };
		92D6B46C28E47519004CF9DF /* Encodable+Ext.swift in Sources */ = {isa = PBXBuildFile; fileRef = 92D6B46B28E47519004CF9DF /* Encodable+Ext.swift */; };
		92D6B46F28E47E2E004CF9DF /* NodesService.swift in Sources */ = {isa = PBXBuildFile; fileRef = 92D6B46E28E47E2E004CF9DF /* NodesService.swift */; };
		92D6B47128E47E71004CF9DF /* NodesServiceType.swift in Sources */ = {isa = PBXBuildFile; fileRef = 92D6B47028E47E71004CF9DF /* NodesServiceType.swift */; };
		92D6B47428E48F64004CF9DF /* Continent.swift in Sources */ = {isa = PBXBuildFile; fileRef = 92D6B47328E48F64004CF9DF /* Continent.swift */; };
/* End PBXBuildFile section */

/* Begin PBXContainerItemProxy section */
		22C3EE8E28E4638E007DB01B /* PBXContainerItemProxy */ = {
			isa = PBXContainerItemProxy;
			containerPortal = 92D6B3F128E19E20004CF9DF /* Project object */;
			proxyType = 1;
			remoteGlobalIDString = 22C3EE8628E4638E007DB01B;
			remoteInfo = WireGuardNetworkExtension;
		};
		22C3EE9428E463CA007DB01B /* PBXContainerItemProxy */ = {
			isa = PBXContainerItemProxy;
			containerPortal = 92D6B3F128E19E20004CF9DF /* Project object */;
			proxyType = 1;
			remoteGlobalIDString = 22C3EE6B28E4632B007DB01B;
			remoteInfo = WireGuardGoBridgeiOS;
		};
		92D6B43728E32900004CF9DF /* PBXContainerItemProxy */ = {
			isa = PBXContainerItemProxy;
			containerPortal = 92D6B3F128E19E20004CF9DF /* Project object */;
			proxyType = 1;
			remoteGlobalIDString = 92D6B42328E32900004CF9DF;
			remoteInfo = SOLARAPI;
		};
/* End PBXContainerItemProxy section */

/* Begin PBXCopyFilesBuildPhase section */
		22C3EE8228E46374007DB01B /* Embed Foundation Extensions */ = {
			isa = PBXCopyFilesBuildPhase;
			buildActionMask = 2147483647;
			dstPath = "";
			dstSubfolderSpec = 13;
			files = (
				22C3EE9028E4638E007DB01B /* WireGuardNetworkExtension.appex in Embed Foundation Extensions */,
			);
			name = "Embed Foundation Extensions";
			runOnlyForDeploymentPostprocessing = 0;
		};
		92D6B43E28E32900004CF9DF /* Embed Frameworks */ = {
			isa = PBXCopyFilesBuildPhase;
			buildActionMask = 2147483647;
			dstPath = "";
			dstSubfolderSpec = 10;
			files = (
				92D6B43A28E32900004CF9DF /* SOLARAPI.framework in Embed Frameworks */,
			);
			name = "Embed Frameworks";
			runOnlyForDeploymentPostprocessing = 0;
		};
/* End PBXCopyFilesBuildPhase section */

/* Begin PBXFileReference section */
		22488A9228E726A900FE29C3 /* TunnelRouteCollection.swift */ = {isa = PBXFileReference; lastKnownFileType = sourcecode.swift; path = TunnelRouteCollection.swift; sourceTree = "<group>"; };
		22488A9528E7285500FE29C3 /* PostConnectionRequest.swift */ = {isa = PBXFileReference; lastKnownFileType = sourcecode.swift; path = PostConnectionRequest.swift; sourceTree = "<group>"; };
		22488A9928E729E600FE29C3 /* GeneralSettingsStorage.swift */ = {isa = PBXFileReference; fileEncoding = 4; lastKnownFileType = sourcecode.swift; path = GeneralSettingsStorage.swift; sourceTree = "<group>"; };
		22488A9C28E72C4E00FE29C3 /* UserDefaultsStorageStrategy.swift */ = {isa = PBXFileReference; fileEncoding = 4; lastKnownFileType = sourcecode.swift; path = UserDefaultsStorageStrategy.swift; sourceTree = "<group>"; };
		22488A9D28E72C4E00FE29C3 /* SettingsStorageStrategyType.swift */ = {isa = PBXFileReference; fileEncoding = 4; lastKnownFileType = sourcecode.swift; path = SettingsStorageStrategyType.swift; sourceTree = "<group>"; };
		22488A9E28E72C4E00FE29C3 /* KeychainStorageStrategy.swift */ = {isa = PBXFileReference; fileEncoding = 4; lastKnownFileType = sourcecode.swift; path = KeychainStorageStrategy.swift; sourceTree = "<group>"; };
		22488A9F28E72C4E00FE29C3 /* StoresWallet.swift */ = {isa = PBXFileReference; fileEncoding = 4; lastKnownFileType = sourcecode.swift; path = StoresWallet.swift; sourceTree = "<group>"; };
		22C3EE8728E4638E007DB01B /* WireGuardNetworkExtension.appex */ = {isa = PBXFileReference; explicitFileType = "wrapper.app-extension"; includeInIndex = 0; path = WireGuardNetworkExtension.appex; sourceTree = BUILT_PRODUCTS_DIR; };
		22C3EE9B28E467E4007DB01B /* SOLARdVPNCommunityCoreiOS.entitlements */ = {isa = PBXFileReference; lastKnownFileType = text.plist.entitlements; path = SOLARdVPNCommunityCoreiOS.entitlements; sourceTree = "<group>"; };
		22C3EE9D28E4733C007DB01B /* Config.swift */ = {isa = PBXFileReference; fileEncoding = 4; lastKnownFileType = sourcecode.swift; path = Config.swift; sourceTree = "<group>"; };
		22C3EE9E28E4733C007DB01B /* Keychain.swift */ = {isa = PBXFileReference; fileEncoding = 4; lastKnownFileType = sourcecode.swift; path = Keychain.swift; sourceTree = "<group>"; };
		22C3EEA228E4733C007DB01B /* NETunnelProviderProtocol+Extension.swift */ = {isa = PBXFileReference; fileEncoding = 4; lastKnownFileType = sourcecode.swift; path = "NETunnelProviderProtocol+Extension.swift"; sourceTree = "<group>"; };
		22C3EEA328E4733C007DB01B /* TunnelConfiguration+WireGuardConfig.swift */ = {isa = PBXFileReference; fileEncoding = 4; lastKnownFileType = sourcecode.swift; path = "TunnelConfiguration+WireGuardConfig.swift"; sourceTree = "<group>"; };
		22C3EEA428E4733C007DB01B /* String+ArrayConversion.swift */ = {isa = PBXFileReference; fileEncoding = 4; lastKnownFileType = sourcecode.swift; path = "String+ArrayConversion.swift"; sourceTree = "<group>"; };
		22C3EEA528E4733C007DB01B /* ConfigurationParseError.swift */ = {isa = PBXFileReference; fileEncoding = 4; lastKnownFileType = sourcecode.swift; path = ConfigurationParseError.swift; sourceTree = "<group>"; };
		22C3EEBD28E48B51007DB01B /* TunnelManager.swift */ = {isa = PBXFileReference; fileEncoding = 4; lastKnownFileType = sourcecode.swift; path = TunnelManager.swift; sourceTree = "<group>"; };
		22C3EEBE28E48B51007DB01B /* TunnelManagerType.swift */ = {isa = PBXFileReference; fileEncoding = 4; lastKnownFileType = sourcecode.swift; path = TunnelManagerType.swift; sourceTree = "<group>"; };
		22C3EEC028E48B51007DB01B /* TunnelChanges.swift */ = {isa = PBXFileReference; fileEncoding = 4; lastKnownFileType = sourcecode.swift; path = TunnelChanges.swift; sourceTree = "<group>"; };
		22C3EEC128E48B51007DB01B /* TunnelInterfaceModel.swift */ = {isa = PBXFileReference; fileEncoding = 4; lastKnownFileType = sourcecode.swift; path = TunnelInterfaceModel.swift; sourceTree = "<group>"; };
		22C3EEC228E48B51007DB01B /* PeersModel.swift */ = {isa = PBXFileReference; fileEncoding = 4; lastKnownFileType = sourcecode.swift; path = PeersModel.swift; sourceTree = "<group>"; };
		22C3EEC328E48B51007DB01B /* TunnelSavingError.swift */ = {isa = PBXFileReference; fileEncoding = 4; lastKnownFileType = sourcecode.swift; path = TunnelSavingError.swift; sourceTree = "<group>"; };
		22C3EEC428E48B51007DB01B /* TunnelModel.swift */ = {isa = PBXFileReference; fileEncoding = 4; lastKnownFileType = sourcecode.swift; path = TunnelModel.swift; sourceTree = "<group>"; };
		22C3EEC628E48B51007DB01B /* TunnelStatus.swift */ = {isa = PBXFileReference; fileEncoding = 4; lastKnownFileType = sourcecode.swift; path = TunnelStatus.swift; sourceTree = "<group>"; };
		22C3EEC728E48B51007DB01B /* TunnelContainer.swift */ = {isa = PBXFileReference; fileEncoding = 4; lastKnownFileType = sourcecode.swift; path = TunnelContainer.swift; sourceTree = "<group>"; };
		22C3EEC828E48B51007DB01B /* TunnelsServiceStatusDelegate.swift */ = {isa = PBXFileReference; fileEncoding = 4; lastKnownFileType = sourcecode.swift; path = TunnelsServiceStatusDelegate.swift; sourceTree = "<group>"; };
		22C3EEC928E48B51007DB01B /* TunnelsService.swift */ = {isa = PBXFileReference; fileEncoding = 4; lastKnownFileType = sourcecode.swift; path = TunnelsService.swift; sourceTree = "<group>"; };
		22C3EED728E48D9A007DB01B /* NETunnelProviderManager+Ext.swift */ = {isa = PBXFileReference; fileEncoding = 4; lastKnownFileType = sourcecode.swift; path = "NETunnelProviderManager+Ext.swift"; sourceTree = "<group>"; };
		22C3EED828E48D9A007DB01B /* NEVPNManager+Ext.swift */ = {isa = PBXFileReference; fileEncoding = 4; lastKnownFileType = sourcecode.swift; path = "NEVPNManager+Ext.swift"; sourceTree = "<group>"; };
		22C3EED928E48D9A007DB01B /* TunnelConfiguration+Ext.swift */ = {isa = PBXFileReference; fileEncoding = 4; lastKnownFileType = sourcecode.swift; path = "TunnelConfiguration+Ext.swift"; sourceTree = "<group>"; };
		22C3EEDA28E48D9A007DB01B /* NEVPNStatus+Ext.swift */ = {isa = PBXFileReference; fileEncoding = 4; lastKnownFileType = sourcecode.swift; path = "NEVPNStatus+Ext.swift"; sourceTree = "<group>"; };
		22C3EEDC28E48D9A007DB01B /* Serializer.swift */ = {isa = PBXFileReference; fileEncoding = 4; lastKnownFileType = sourcecode.swift; path = Serializer.swift; sourceTree = "<group>"; };
		22C3EEE228E48D9A007DB01B /* SentinelNode+Ext.swift */ = {isa = PBXFileReference; fileEncoding = 4; lastKnownFileType = sourcecode.swift; path = "SentinelNode+Ext.swift"; sourceTree = "<group>"; };
		22C3EEF328E48EBE007DB01B /* StoresDNSServers.swift */ = {isa = PBXFileReference; fileEncoding = 4; lastKnownFileType = sourcecode.swift; path = StoresDNSServers.swift; sourceTree = "<group>"; };
		22C3EEF828E48F0A007DB01B /* DNSServerType.swift */ = {isa = PBXFileReference; fileEncoding = 4; lastKnownFileType = sourcecode.swift; path = DNSServerType.swift; sourceTree = "<group>"; };
		22C3EEFA28E48F94007DB01B /* NotificationToken.swift */ = {isa = PBXFileReference; fileEncoding = 4; lastKnownFileType = sourcecode.swift; path = NotificationToken.swift; sourceTree = "<group>"; };
		22C3EF0028E6FD95007DB01B /* PacketTunnelProvider.swift */ = {isa = PBXFileReference; fileEncoding = 4; lastKnownFileType = sourcecode.swift; path = PacketTunnelProvider.swift; sourceTree = "<group>"; };
		22C3EF0128E6FD95007DB01B /* WireGuardNetworkExtension.entitlements */ = {isa = PBXFileReference; fileEncoding = 4; lastKnownFileType = text.plist.entitlements; path = WireGuardNetworkExtension.entitlements; sourceTree = "<group>"; };
		22C3EF0228E6FD95007DB01B /* Info.plist */ = {isa = PBXFileReference; fileEncoding = 4; lastKnownFileType = text.plist.xml; path = Info.plist; sourceTree = "<group>"; };
		22C3EF0528E6FDDB007DB01B /* NetworkExtension.framework */ = {isa = PBXFileReference; lastKnownFileType = wrapper.framework; name = NetworkExtension.framework; path = System/Library/Frameworks/NetworkExtension.framework; sourceTree = SDKROOT; };
		923C371328E5B898003CFC03 /* CommonContext.swift */ = {isa = PBXFileReference; lastKnownFileType = sourcecode.swift; path = CommonContext.swift; sourceTree = "<group>"; };
		923C371528E5B9DE003CFC03 /* ContextBuilder.swift */ = {isa = PBXFileReference; lastKnownFileType = sourcecode.swift; path = ContextBuilder.swift; sourceTree = "<group>"; };
		923C371728E5D20D003CFC03 /* GetNodesRequest.swift */ = {isa = PBXFileReference; lastKnownFileType = sourcecode.swift; path = GetNodesRequest.swift; sourceTree = "<group>"; };
		923C371B28E5DA05003CFC03 /* OrderType.swift */ = {isa = PBXFileReference; lastKnownFileType = sourcecode.swift; path = OrderType.swift; sourceTree = "<group>"; };
		92D6B3F928E19E20004CF9DF /* SOLARdVPNCommunityCoreiOS.app */ = {isa = PBXFileReference; explicitFileType = wrapper.application; includeInIndex = 0; path = SOLARdVPNCommunityCoreiOS.app; sourceTree = BUILT_PRODUCTS_DIR; };
		92D6B3FC28E19E20004CF9DF /* AppDelegate.swift */ = {isa = PBXFileReference; lastKnownFileType = sourcecode.swift; path = AppDelegate.swift; sourceTree = "<group>"; };
		92D6B3FE28E19E20004CF9DF /* SceneDelegate.swift */ = {isa = PBXFileReference; lastKnownFileType = sourcecode.swift; path = SceneDelegate.swift; sourceTree = "<group>"; };
		92D6B40028E19E20004CF9DF /* ViewController.swift */ = {isa = PBXFileReference; lastKnownFileType = sourcecode.swift; path = ViewController.swift; sourceTree = "<group>"; };
		92D6B40328E19E20004CF9DF /* Base */ = {isa = PBXFileReference; lastKnownFileType = file.storyboard; name = Base; path = Base.lproj/Main.storyboard; sourceTree = "<group>"; };
		92D6B40528E19E21004CF9DF /* Assets.xcassets */ = {isa = PBXFileReference; lastKnownFileType = folder.assetcatalog; path = Assets.xcassets; sourceTree = "<group>"; };
		92D6B40828E19E21004CF9DF /* Base */ = {isa = PBXFileReference; lastKnownFileType = file.storyboard; name = Base; path = Base.lproj/LaunchScreen.storyboard; sourceTree = "<group>"; };
		92D6B40A28E19E21004CF9DF /* Info.plist */ = {isa = PBXFileReference; lastKnownFileType = text.plist.xml; path = Info.plist; sourceTree = "<group>"; };
		92D6B41328E1E133004CF9DF /* DVPNServer.swift */ = {isa = PBXFileReference; lastKnownFileType = sourcecode.swift; path = DVPNServer.swift; sourceTree = "<group>"; };
		92D6B41728E2DC85004CF9DF /* NodesRouteCollection.swift */ = {isa = PBXFileReference; lastKnownFileType = sourcecode.swift; path = NodesRouteCollection.swift; sourceTree = "<group>"; };
		92D6B41D28E2F64D004CF9DF /* ClientConstants.swift */ = {isa = PBXFileReference; lastKnownFileType = sourcecode.swift; path = ClientConstants.swift; sourceTree = "<group>"; };
		92D6B42428E32900004CF9DF /* SOLARAPI.framework */ = {isa = PBXFileReference; explicitFileType = wrapper.framework; includeInIndex = 0; path = SOLARAPI.framework; sourceTree = BUILT_PRODUCTS_DIR; };
		92D6B42628E32900004CF9DF /* SOLARAPI.h */ = {isa = PBXFileReference; lastKnownFileType = sourcecode.c.h; path = SOLARAPI.h; sourceTree = "<group>"; };
		92D6B42728E32900004CF9DF /* SOLARAPI.docc */ = {isa = PBXFileReference; lastKnownFileType = folder.documentationcatalog; path = SOLARAPI.docc; sourceTree = "<group>"; };
		92D6B44328E34A9B004CF9DF /* AnyEncodable.swift */ = {isa = PBXFileReference; lastKnownFileType = sourcecode.swift; path = AnyEncodable.swift; sourceTree = "<group>"; };
		92D6B44528E34D7C004CF9DF /* APIRequest.swift */ = {isa = PBXFileReference; lastKnownFileType = sourcecode.swift; path = APIRequest.swift; sourceTree = "<group>"; };
		92D6B44E28E45EA0004CF9DF /* NodesAPITarget.swift */ = {isa = PBXFileReference; lastKnownFileType = sourcecode.swift; path = NodesAPITarget.swift; sourceTree = "<group>"; };
		92D6B45128E45F03004CF9DF /* NodesProvider.swift */ = {isa = PBXFileReference; lastKnownFileType = sourcecode.swift; path = NodesProvider.swift; sourceTree = "<group>"; };
		92D6B45328E45F15004CF9DF /* NodesProviderType.swift */ = {isa = PBXFileReference; lastKnownFileType = sourcecode.swift; path = NodesProviderType.swift; sourceTree = "<group>"; };
		92D6B45528E4609E004CF9DF /* APITarget.swift */ = {isa = PBXFileReference; lastKnownFileType = sourcecode.swift; path = APITarget.swift; sourceTree = "<group>"; };
		92D6B45728E46118004CF9DF /* SOLARAPIProvider.swift */ = {isa = PBXFileReference; lastKnownFileType = sourcecode.swift; path = SOLARAPIProvider.swift; sourceTree = "<group>"; };
		92D6B45928E46283004CF9DF /* NetworkError.swift */ = {isa = PBXFileReference; lastKnownFileType = sourcecode.swift; path = NetworkError.swift; sourceTree = "<group>"; };
		92D6B45C28E4636B004CF9DF /* GetNodesRequest.swift */ = {isa = PBXFileReference; lastKnownFileType = sourcecode.swift; path = GetNodesRequest.swift; sourceTree = "<group>"; };
		92D6B45E28E4639D004CF9DF /* OrderType.swift */ = {isa = PBXFileReference; lastKnownFileType = sourcecode.swift; path = OrderType.swift; sourceTree = "<group>"; };
		92D6B46028E463EF004CF9DF /* NodeStatusType.swift */ = {isa = PBXFileReference; lastKnownFileType = sourcecode.swift; path = NodeStatusType.swift; sourceTree = "<group>"; };
		92D6B46228E47240004CF9DF /* Node.swift */ = {isa = PBXFileReference; lastKnownFileType = sourcecode.swift; path = Node.swift; sourceTree = "<group>"; };
		92D6B46528E47311004CF9DF /* PageResponse.swift */ = {isa = PBXFileReference; lastKnownFileType = sourcecode.swift; path = PageResponse.swift; sourceTree = "<group>"; };
		92D6B46B28E47519004CF9DF /* Encodable+Ext.swift */ = {isa = PBXFileReference; lastKnownFileType = sourcecode.swift; path = "Encodable+Ext.swift"; sourceTree = "<group>"; };
		92D6B46E28E47E2E004CF9DF /* NodesService.swift */ = {isa = PBXFileReference; lastKnownFileType = sourcecode.swift; path = NodesService.swift; sourceTree = "<group>"; };
		92D6B47028E47E71004CF9DF /* NodesServiceType.swift */ = {isa = PBXFileReference; lastKnownFileType = sourcecode.swift; path = NodesServiceType.swift; sourceTree = "<group>"; };
		92D6B47328E48F64004CF9DF /* Continent.swift */ = {isa = PBXFileReference; lastKnownFileType = sourcecode.swift; path = Continent.swift; sourceTree = "<group>"; };
/* End PBXFileReference section */

/* Begin PBXFrameworksBuildPhase section */
		22C3EE8428E4638E007DB01B /* Frameworks */ = {
			isa = PBXFrameworksBuildPhase;
			buildActionMask = 2147483647;
			files = (
				22C3EE9728E463D6007DB01B /* WireGuardKit in Frameworks */,
				22C3EF0628E6FDDB007DB01B /* NetworkExtension.framework in Frameworks */,
				22C3EEBA28E4830F007DB01B /* SwiftyBeaver in Frameworks */,
			);
			runOnlyForDeploymentPostprocessing = 0;
		};
		92D6B3F628E19E20004CF9DF /* Frameworks */ = {
			isa = PBXFrameworksBuildPhase;
			buildActionMask = 2147483647;
			files = (
				22C3EEFD28E6FC2C007DB01B /* WireGuardKit in Frameworks */,
				92D6B44D28E438EF004CF9DF /* Alamofire in Frameworks */,
				22488AA628E72CF000FE29C3 /* KeychainAccess in Frameworks */,
				22C3EE9A28E464A1007DB01B /* Alamofire in Frameworks */,
				22C3EEB128E473E5007DB01B /* SwiftyBeaver in Frameworks */,
				22C3EEF128E48E2F007DB01B /* SentinelWallet in Frameworks */,
				22C3EF0728E6FDF8007DB01B /* NetworkExtension.framework in Frameworks */,
				92D6B41228E1D765004CF9DF /* Vapor in Frameworks */,
				92D6B43928E32900004CF9DF /* SOLARAPI.framework in Frameworks */,
			);
			runOnlyForDeploymentPostprocessing = 0;
		};
		92D6B42128E32900004CF9DF /* Frameworks */ = {
			isa = PBXFrameworksBuildPhase;
			buildActionMask = 2147483647;
			files = (
				92D6B46928E47471004CF9DF /* Alamofire in Frameworks */,
			);
			runOnlyForDeploymentPostprocessing = 0;
		};
/* End PBXFrameworksBuildPhase section */

/* Begin PBXGroup section */
		22488A9428E727F200FE29C3 /* Routes */ = {
			isa = PBXGroup;
			children = (
				22488A9228E726A900FE29C3 /* TunnelRouteCollection.swift */,
				22488A9528E7285500FE29C3 /* PostConnectionRequest.swift */,
			);
			path = Routes;
			sourceTree = "<group>";
		};
		22488A9728E7297000FE29C3 /* Storage */ = {
			isa = PBXGroup;
			children = (
				22488A9828E729E600FE29C3 /* GeneralSettingsStorage */,
				22488A9B28E72C4E00FE29C3 /* StorageStrategy */,
				22C3EEF328E48EBE007DB01B /* StoresDNSServers.swift */,
				22488A9F28E72C4E00FE29C3 /* StoresWallet.swift */,
			);
			path = Storage;
			sourceTree = "<group>";
		};
		22488A9828E729E600FE29C3 /* GeneralSettingsStorage */ = {
			isa = PBXGroup;
			children = (
				22488A9928E729E600FE29C3 /* GeneralSettingsStorage.swift */,
			);
			path = GeneralSettingsStorage;
			sourceTree = "<group>";
		};
		22488A9B28E72C4E00FE29C3 /* StorageStrategy */ = {
			isa = PBXGroup;
			children = (
				22488A9C28E72C4E00FE29C3 /* UserDefaultsStorageStrategy.swift */,
				22488A9D28E72C4E00FE29C3 /* SettingsStorageStrategyType.swift */,
				22488A9E28E72C4E00FE29C3 /* KeychainStorageStrategy.swift */,
			);
			path = StorageStrategy;
			sourceTree = "<group>";
		};
		22C3EE9C28E4733C007DB01B /* Shared */ = {
			isa = PBXGroup;
			children = (
				22C3EEA128E4733C007DB01B /* Extentions */,
				22C3EE9D28E4733C007DB01B /* Config.swift */,
				22C3EE9E28E4733C007DB01B /* Keychain.swift */,
			);
			path = Shared;
			sourceTree = "<group>";
		};
		22C3EEA128E4733C007DB01B /* Extentions */ = {
			isa = PBXGroup;
			children = (
				22C3EEA228E4733C007DB01B /* NETunnelProviderProtocol+Extension.swift */,
				22C3EEA328E4733C007DB01B /* TunnelConfiguration+WireGuardConfig.swift */,
				22C3EEA428E4733C007DB01B /* String+ArrayConversion.swift */,
				22C3EEA528E4733C007DB01B /* ConfigurationParseError.swift */,
			);
			path = Extentions;
			sourceTree = "<group>";
		};
		22C3EEBB28E48B51007DB01B /* Tunnel */ = {
			isa = PBXGroup;
			children = (
				22488A9428E727F200FE29C3 /* Routes */,
				22C3EEBC28E48B51007DB01B /* Manager */,
				22C3EEBF28E48B51007DB01B /* Model */,
				22C3EEC528E48B51007DB01B /* Service */,
			);
			path = Tunnel;
			sourceTree = "<group>";
		};
		22C3EEBC28E48B51007DB01B /* Manager */ = {
			isa = PBXGroup;
			children = (
				22C3EEBD28E48B51007DB01B /* TunnelManager.swift */,
				22C3EEBE28E48B51007DB01B /* TunnelManagerType.swift */,
			);
			path = Manager;
			sourceTree = "<group>";
		};
		22C3EEBF28E48B51007DB01B /* Model */ = {
			isa = PBXGroup;
			children = (
				22C3EEC028E48B51007DB01B /* TunnelChanges.swift */,
				22C3EEC128E48B51007DB01B /* TunnelInterfaceModel.swift */,
				22C3EEC228E48B51007DB01B /* PeersModel.swift */,
				22C3EEC328E48B51007DB01B /* TunnelSavingError.swift */,
				22C3EEC428E48B51007DB01B /* TunnelModel.swift */,
			);
			path = Model;
			sourceTree = "<group>";
		};
		22C3EEC528E48B51007DB01B /* Service */ = {
			isa = PBXGroup;
			children = (
				22C3EEC628E48B51007DB01B /* TunnelStatus.swift */,
				22C3EEC728E48B51007DB01B /* TunnelContainer.swift */,
				22C3EEC828E48B51007DB01B /* TunnelsServiceStatusDelegate.swift */,
				22C3EEC928E48B51007DB01B /* TunnelsService.swift */,
			);
			path = Service;
			sourceTree = "<group>";
		};
		22C3EED528E48D9A007DB01B /* Extensions */ = {
			isa = PBXGroup;
			children = (
				22C3EEDB28E48D9A007DB01B /* Foundation */,
				22C3EED628E48D9A007DB01B /* VPN */,
				22C3EEE028E48D9A007DB01B /* Wallet */,
			);
			path = Extensions;
			sourceTree = "<group>";
		};
		22C3EED628E48D9A007DB01B /* VPN */ = {
			isa = PBXGroup;
			children = (
				22C3EED728E48D9A007DB01B /* NETunnelProviderManager+Ext.swift */,
				22C3EED828E48D9A007DB01B /* NEVPNManager+Ext.swift */,
				22C3EEDA28E48D9A007DB01B /* NEVPNStatus+Ext.swift */,
				22C3EED928E48D9A007DB01B /* TunnelConfiguration+Ext.swift */,
			);
			path = VPN;
			sourceTree = "<group>";
		};
		22C3EEDB28E48D9A007DB01B /* Foundation */ = {
			isa = PBXGroup;
			children = (
				22C3EEDC28E48D9A007DB01B /* Serializer.swift */,
			);
			path = Foundation;
			sourceTree = "<group>";
		};
		22C3EEE028E48D9A007DB01B /* Wallet */ = {
			isa = PBXGroup;
			children = (
				22C3EEE228E48D9A007DB01B /* SentinelNode+Ext.swift */,
			);
			path = Wallet;
			sourceTree = "<group>";
		};
		22C3EEF228E48EBE007DB01B /* DNSServers */ = {
			isa = PBXGroup;
			children = (
				22C3EEF828E48F0A007DB01B /* DNSServerType.swift */,
			);
			path = DNSServers;
			sourceTree = "<group>";
		};
		22C3EEFF28E6FD95007DB01B /* WireGuardNetworkExtension */ = {
			isa = PBXGroup;
			children = (
				22C3EF0028E6FD95007DB01B /* PacketTunnelProvider.swift */,
				22C3EF0128E6FD95007DB01B /* WireGuardNetworkExtension.entitlements */,
				22C3EF0228E6FD95007DB01B /* Info.plist */,
			);
			path = WireGuardNetworkExtension;
			sourceTree = "<group>";
		};
		22C3EF0828E6FEBA007DB01B /* Root */ = {
			isa = PBXGroup;
			children = (
				92D6B3FC28E19E20004CF9DF /* AppDelegate.swift */,
				92D6B41328E1E133004CF9DF /* DVPNServer.swift */,
				92D6B41728E2DC85004CF9DF /* NodesRouteCollection.swift */,
				92D6B3FE28E19E20004CF9DF /* SceneDelegate.swift */,
				92D6B40028E19E20004CF9DF /* ViewController.swift */,
			);
			path = Root;
			sourceTree = "<group>";
		};
		22C3EF0928E6FED3007DB01B /* Resources */ = {
			isa = PBXGroup;
			children = (
				92D6B40528E19E21004CF9DF /* Assets.xcassets */,
			);
			path = Resources;
			sourceTree = "<group>";
		};
		22C3EF0A28E6FEF0007DB01B /* NodesService */ = {
			isa = PBXGroup;
			children = (
				92D6B47228E47EC9004CF9DF /* Models */,
				92D6B46E28E47E2E004CF9DF /* NodesService.swift */,
				92D6B47028E47E71004CF9DF /* NodesServiceType.swift */,
			);
			path = NodesService;
			sourceTree = "<group>";
		};
		923C371228E5B887003CFC03 /* Context */ = {
			isa = PBXGroup;
			children = (
				923C371328E5B898003CFC03 /* CommonContext.swift */,
				923C371528E5B9DE003CFC03 /* ContextBuilder.swift */,
			);
			path = Context;
			sourceTree = "<group>";
		};
		92D6B3F028E19E20004CF9DF = {
			isa = PBXGroup;
			children = (
				22C3EE9C28E4733C007DB01B /* Shared */,
				92D6B3FB28E19E20004CF9DF /* SOLARdVPNCommunityCoreiOS */,
				92D6B42528E32900004CF9DF /* SOLARAPI */,
				22C3EEFF28E6FD95007DB01B /* WireGuardNetworkExtension */,
				92D6B46728E47471004CF9DF /* Frameworks */,
				92D6B3FA28E19E20004CF9DF /* Products */,
			);
			sourceTree = "<group>";
		};
		92D6B3FA28E19E20004CF9DF /* Products */ = {
			isa = PBXGroup;
			children = (
				92D6B3F928E19E20004CF9DF /* SOLARdVPNCommunityCoreiOS.app */,
				92D6B42428E32900004CF9DF /* SOLARAPI.framework */,
				22C3EE8728E4638E007DB01B /* WireGuardNetworkExtension.appex */,
			);
			name = Products;
			sourceTree = "<group>";
		};
		92D6B3FB28E19E20004CF9DF /* SOLARdVPNCommunityCoreiOS */ = {
			isa = PBXGroup;
			children = (
				92D6B41B28E2F62A004CF9DF /* Common */,
				22C3EF0928E6FED3007DB01B /* Resources */,
				22C3EF0828E6FEBA007DB01B /* Root */,
				92D6B46D28E47DD2004CF9DF /* Services */,
				22C3EE9B28E467E4007DB01B /* SOLARdVPNCommunityCoreiOS.entitlements */,
				92D6B40A28E19E21004CF9DF /* Info.plist */,
				92D6B40728E19E21004CF9DF /* LaunchScreen.storyboard */,
				92D6B40228E19E20004CF9DF /* Main.storyboard */,
			);
			path = SOLARdVPNCommunityCoreiOS;
			sourceTree = "<group>";
		};
		92D6B41B28E2F62A004CF9DF /* Common */ = {
			isa = PBXGroup;
			children = (
				923C371228E5B887003CFC03 /* Context */,
				22C3EED528E48D9A007DB01B /* Extensions */,
				92D6B41C28E2F63D004CF9DF /* Utilities */,
			);
			path = Common;
			sourceTree = "<group>";
		};
		92D6B41C28E2F63D004CF9DF /* Utilities */ = {
			isa = PBXGroup;
			children = (
				22C3EEFA28E48F94007DB01B /* NotificationToken.swift */,
				92D6B41D28E2F64D004CF9DF /* ClientConstants.swift */,
			);
			path = Utilities;
			sourceTree = "<group>";
		};
		92D6B42528E32900004CF9DF /* SOLARAPI */ = {
			isa = PBXGroup;
			children = (
				92D6B44228E34A4E004CF9DF /* APISupport */,
				92D6B46428E47304004CF9DF /* Models */,
				92D6B44A28E4360D004CF9DF /* Providers */,
				92D6B42728E32900004CF9DF /* SOLARAPI.docc */,
				92D6B42628E32900004CF9DF /* SOLARAPI.h */,
				92D6B46A28E474C3004CF9DF /* Tools */,
			);
			path = SOLARAPI;
			sourceTree = "<group>";
		};
		92D6B44228E34A4E004CF9DF /* APISupport */ = {
			isa = PBXGroup;
			children = (
				92D6B44328E34A9B004CF9DF /* AnyEncodable.swift */,
				92D6B44528E34D7C004CF9DF /* APIRequest.swift */,
				92D6B45528E4609E004CF9DF /* APITarget.swift */,
				92D6B45928E46283004CF9DF /* NetworkError.swift */,
				92D6B45728E46118004CF9DF /* SOLARAPIProvider.swift */,
			);
			path = APISupport;
			sourceTree = "<group>";
		};
		92D6B44A28E4360D004CF9DF /* Providers */ = {
			isa = PBXGroup;
			children = (
				92D6B45028E45EF1004CF9DF /* NodesProvider */,
			);
			path = Providers;
			sourceTree = "<group>";
		};
		92D6B45028E45EF1004CF9DF /* NodesProvider */ = {
			isa = PBXGroup;
			children = (
				92D6B45B28E46350004CF9DF /* Models */,
				92D6B44E28E45EA0004CF9DF /* NodesAPITarget.swift */,
				92D6B45128E45F03004CF9DF /* NodesProvider.swift */,
				92D6B45328E45F15004CF9DF /* NodesProviderType.swift */,
			);
			path = NodesProvider;
			sourceTree = "<group>";
		};
		92D6B45B28E46350004CF9DF /* Models */ = {
			isa = PBXGroup;
			children = (
				92D6B45C28E4636B004CF9DF /* GetNodesRequest.swift */,
				92D6B46228E47240004CF9DF /* Node.swift */,
				92D6B46028E463EF004CF9DF /* NodeStatusType.swift */,
				92D6B45E28E4639D004CF9DF /* OrderType.swift */,
			);
			path = Models;
			sourceTree = "<group>";
		};
		92D6B46428E47304004CF9DF /* Models */ = {
			isa = PBXGroup;
			children = (
				92D6B46528E47311004CF9DF /* PageResponse.swift */,
			);
			path = Models;
			sourceTree = "<group>";
		};
		92D6B46728E47471004CF9DF /* Frameworks */ = {
			isa = PBXGroup;
			children = (
				22C3EF0528E6FDDB007DB01B /* NetworkExtension.framework */,
			);
			name = Frameworks;
			sourceTree = "<group>";
		};
		92D6B46A28E474C3004CF9DF /* Tools */ = {
			isa = PBXGroup;
			children = (
				92D6B46B28E47519004CF9DF /* Encodable+Ext.swift */,
			);
			path = Tools;
			sourceTree = "<group>";
		};
		92D6B46D28E47DD2004CF9DF /* Services */ = {
			isa = PBXGroup;
			children = (
				22488A9728E7297000FE29C3 /* Storage */,
				22C3EF0A28E6FEF0007DB01B /* NodesService */,
				22C3EEF228E48EBE007DB01B /* DNSServers */,
				22C3EEBB28E48B51007DB01B /* Tunnel */,
			);
			path = Services;
			sourceTree = "<group>";
		};
		92D6B47228E47EC9004CF9DF /* Models */ = {
			isa = PBXGroup;
			children = (
				92D6B47328E48F64004CF9DF /* Continent.swift */,
				923C371728E5D20D003CFC03 /* GetNodesRequest.swift */,
				923C371B28E5DA05003CFC03 /* OrderType.swift */,
			);
			path = Models;
			sourceTree = "<group>";
		};
/* End PBXGroup section */

/* Begin PBXHeadersBuildPhase section */
		92D6B41F28E32900004CF9DF /* Headers */ = {
			isa = PBXHeadersBuildPhase;
			buildActionMask = 2147483647;
			files = (
				92D6B43628E32900004CF9DF /* SOLARAPI.h in Headers */,
			);
			runOnlyForDeploymentPostprocessing = 0;
		};
/* End PBXHeadersBuildPhase section */

/* Begin PBXLegacyTarget section */
		22C3EE6B28E4632B007DB01B /* WireGuardGoBridgeiOS */ = {
			isa = PBXLegacyTarget;
			buildArgumentsString = "$(ACTION)";
			buildConfigurationList = 22C3EE6C28E4632C007DB01B /* Build configuration list for PBXLegacyTarget "WireGuardGoBridgeiOS" */;
			buildPhases = (
			);
			buildToolPath = /usr/bin/make;
			buildWorkingDirectory = WireGuardKitGo;
			dependencies = (
			);
			name = WireGuardGoBridgeiOS;
			passBuildSettingsInEnvironment = 1;
			productName = WireGuardGoBridgeiOS;
		};
/* End PBXLegacyTarget section */

/* Begin PBXNativeTarget section */
		22C3EE8628E4638E007DB01B /* WireGuardNetworkExtension */ = {
			isa = PBXNativeTarget;
			buildConfigurationList = 22C3EE9128E4638E007DB01B /* Build configuration list for PBXNativeTarget "WireGuardNetworkExtension" */;
			buildPhases = (
				22C3EE8328E4638E007DB01B /* Sources */,
				22C3EE8428E4638E007DB01B /* Frameworks */,
				22C3EE8528E4638E007DB01B /* Resources */,
			);
			buildRules = (
			);
			dependencies = (
				22C3EE9528E463CA007DB01B /* PBXTargetDependency */,
			);
			name = WireGuardNetworkExtension;
			packageProductDependencies = (
				22C3EE9628E463D6007DB01B /* WireGuardKit */,
				22C3EEB928E4830F007DB01B /* SwiftyBeaver */,
			);
			productName = WireGuardNetworkExtension;
			productReference = 22C3EE8728E4638E007DB01B /* WireGuardNetworkExtension.appex */;
			productType = "com.apple.product-type.app-extension";
		};
		92D6B3F828E19E20004CF9DF /* SOLARdVPNCommunityCoreiOS */ = {
			isa = PBXNativeTarget;
			buildConfigurationList = 92D6B40D28E19E21004CF9DF /* Build configuration list for PBXNativeTarget "SOLARdVPNCommunityCoreiOS" */;
			buildPhases = (
				92D6B3F528E19E20004CF9DF /* Sources */,
				92D6B3F628E19E20004CF9DF /* Frameworks */,
				92D6B3F728E19E20004CF9DF /* Resources */,
				92D6B43E28E32900004CF9DF /* Embed Frameworks */,
				22C3EE8228E46374007DB01B /* Embed Foundation Extensions */,
			);
			buildRules = (
			);
			dependencies = (
				22C3EE8F28E4638E007DB01B /* PBXTargetDependency */,
				92D6B43828E32900004CF9DF /* PBXTargetDependency */,
			);
			name = SOLARdVPNCommunityCoreiOS;
			packageProductDependencies = (
				92D6B41128E1D765004CF9DF /* Vapor */,
				92D6B44C28E438EF004CF9DF /* Alamofire */,
				22C3EE6928E460B2007DB01B /* WireGuardKit */,
				22C3EE9928E464A1007DB01B /* Alamofire */,
				22C3EEB028E473E5007DB01B /* SwiftyBeaver */,
				22C3EEF028E48E2F007DB01B /* SentinelWallet */,
				22488AA528E72CF000FE29C3 /* KeychainAccess */,
			);
			productName = SolardVPNCommunityCoreiOS;
			productReference = 92D6B3F928E19E20004CF9DF /* SOLARdVPNCommunityCoreiOS.app */;
			productType = "com.apple.product-type.application";
		};
		92D6B42328E32900004CF9DF /* SOLARAPI */ = {
			isa = PBXNativeTarget;
			buildConfigurationList = 92D6B43B28E32900004CF9DF /* Build configuration list for PBXNativeTarget "SOLARAPI" */;
			buildPhases = (
				92D6B41F28E32900004CF9DF /* Headers */,
				92D6B42028E32900004CF9DF /* Sources */,
				92D6B42128E32900004CF9DF /* Frameworks */,
				92D6B42228E32900004CF9DF /* Resources */,
			);
			buildRules = (
			);
			dependencies = (
			);
			name = SOLARAPI;
			packageProductDependencies = (
				92D6B46828E47471004CF9DF /* Alamofire */,
			);
			productName = SOLARAPI;
			productReference = 92D6B42428E32900004CF9DF /* SOLARAPI.framework */;
			productType = "com.apple.product-type.framework";
		};
/* End PBXNativeTarget section */

/* Begin PBXProject section */
		92D6B3F128E19E20004CF9DF /* Project object */ = {
			isa = PBXProject;
			attributes = {
				BuildIndependentTargetsInParallel = 1;
				LastSwiftUpdateCheck = 1400;
				LastUpgradeCheck = 1400;
				TargetAttributes = {
					22C3EE6B28E4632B007DB01B = {
						CreatedOnToolsVersion = 14.0.1;
					};
					22C3EE8628E4638E007DB01B = {
						CreatedOnToolsVersion = 14.0.1;
					};
					92D6B3F828E19E20004CF9DF = {
						CreatedOnToolsVersion = 14.0;
					};
					92D6B42328E32900004CF9DF = {
						CreatedOnToolsVersion = 14.0;
					};
				};
			};
			buildConfigurationList = 92D6B3F428E19E20004CF9DF /* Build configuration list for PBXProject "SOLARdVPNCommunityCoreiOS" */;
			compatibilityVersion = "Xcode 14.0";
			developmentRegion = en;
			hasScannedForEncodings = 0;
			knownRegions = (
				en,
				Base,
			);
			mainGroup = 92D6B3F028E19E20004CF9DF;
			packageReferences = (
				92D6B41028E1D765004CF9DF /* XCRemoteSwiftPackageReference "vapor" */,
				92D6B44B28E438EF004CF9DF /* XCRemoteSwiftPackageReference "Alamofire" */,
				22C3EE6828E460B2007DB01B /* XCRemoteSwiftPackageReference "wireguard-apple" */,
				22C3EE9828E464A1007DB01B /* XCRemoteSwiftPackageReference "Alamofire" */,
				22C3EEAF28E473E5007DB01B /* XCRemoteSwiftPackageReference "SwiftyBeaver" */,
				22C3EEEF28E48E2F007DB01B /* XCRemoteSwiftPackageReference "sentinel-wallet-sdk-ios" */,
				22488AA428E72CF000FE29C3 /* XCRemoteSwiftPackageReference "KeychainAccess" */,
			);
			productRefGroup = 92D6B3FA28E19E20004CF9DF /* Products */;
			projectDirPath = "";
			projectRoot = "";
			targets = (
				92D6B3F828E19E20004CF9DF /* SOLARdVPNCommunityCoreiOS */,
				92D6B42328E32900004CF9DF /* SOLARAPI */,
				22C3EE6B28E4632B007DB01B /* WireGuardGoBridgeiOS */,
				22C3EE8628E4638E007DB01B /* WireGuardNetworkExtension */,
			);
		};
/* End PBXProject section */

/* Begin PBXResourcesBuildPhase section */
		22C3EE8528E4638E007DB01B /* Resources */ = {
			isa = PBXResourcesBuildPhase;
			buildActionMask = 2147483647;
			files = (
			);
			runOnlyForDeploymentPostprocessing = 0;
		};
		92D6B3F728E19E20004CF9DF /* Resources */ = {
			isa = PBXResourcesBuildPhase;
			buildActionMask = 2147483647;
			files = (
				92D6B40928E19E21004CF9DF /* LaunchScreen.storyboard in Resources */,
				92D6B40628E19E21004CF9DF /* Assets.xcassets in Resources */,
				92D6B40428E19E20004CF9DF /* Main.storyboard in Resources */,
			);
			runOnlyForDeploymentPostprocessing = 0;
		};
		92D6B42228E32900004CF9DF /* Resources */ = {
			isa = PBXResourcesBuildPhase;
			buildActionMask = 2147483647;
			files = (
			);
			runOnlyForDeploymentPostprocessing = 0;
		};
/* End PBXResourcesBuildPhase section */

/* Begin PBXSourcesBuildPhase section */
		22C3EE8328E4638E007DB01B /* Sources */ = {
			isa = PBXSourcesBuildPhase;
			buildActionMask = 2147483647;
			files = (
				22C3EEB228E4748E007DB01B /* String+ArrayConversion.swift in Sources */,
				22C3EEB428E4748E007DB01B /* Config.swift in Sources */,
				22C3EEB328E4748E007DB01B /* NETunnelProviderProtocol+Extension.swift in Sources */,
				22C3EEB528E4748E007DB01B /* Keychain.swift in Sources */,
				22C3EEB828E4748E007DB01B /* ConfigurationParseError.swift in Sources */,
				22C3EEB728E4748E007DB01B /* TunnelConfiguration+WireGuardConfig.swift in Sources */,
			);
			runOnlyForDeploymentPostprocessing = 0;
		};
		92D6B3F528E19E20004CF9DF /* Sources */ = {
			isa = PBXSourcesBuildPhase;
			buildActionMask = 2147483647;
			files = (
				92D6B40128E19E20004CF9DF /* ViewController.swift in Sources */,
				22C3EEED28E48D9A007DB01B /* SentinelNode+Ext.swift in Sources */,
				92D6B41828E2DC85004CF9DF /* NodesRouteCollection.swift in Sources */,
				923C371428E5B898003CFC03 /* CommonContext.swift in Sources */,
				92D6B3FD28E19E20004CF9DF /* AppDelegate.swift in Sources */,
				923C371C28E5DA05003CFC03 /* OrderType.swift in Sources */,
				92D6B46F28E47E2E004CF9DF /* NodesService.swift in Sources */,
				22C3EEA728E4733C007DB01B /* Config.swift in Sources */,
				22C3EEE528E48D9A007DB01B /* NEVPNManager+Ext.swift in Sources */,
				22488AA028E72C4E00FE29C3 /* UserDefaultsStorageStrategy.swift in Sources */,
				22C3EECA28E48B52007DB01B /* TunnelManager.swift in Sources */,
				22C3EED028E48B52007DB01B /* TunnelModel.swift in Sources */,
				22C3EECC28E48B52007DB01B /* TunnelChanges.swift in Sources */,
				22C3EEAB28E4733C007DB01B /* TunnelConfiguration+WireGuardConfig.swift in Sources */,
				22C3EECB28E48B52007DB01B /* TunnelManagerType.swift in Sources */,
				22488A9328E726AA00FE29C3 /* TunnelRouteCollection.swift in Sources */,
				22488A9128E7043200FE29C3 /* String+ArrayConversion.swift in Sources */,
				22C3EF0328E6FD95007DB01B /* PacketTunnelProvider.swift in Sources */,
				22488AA128E72C4E00FE29C3 /* SettingsStorageStrategyType.swift in Sources */,
				22C3EEF928E48F0B007DB01B /* DNSServerType.swift in Sources */,
				22C3EEAD28E4733C007DB01B /* ConfigurationParseError.swift in Sources */,
				22C3EED228E48B52007DB01B /* TunnelContainer.swift in Sources */,
				22488A9A28E729E600FE29C3 /* GeneralSettingsStorage.swift in Sources */,
				22C3EEFB28E48F95007DB01B /* NotificationToken.swift in Sources */,
				22C3EED428E48B52007DB01B /* TunnelsService.swift in Sources */,
				22C3EEE628E48D9A007DB01B /* TunnelConfiguration+Ext.swift in Sources */,
				22C3EEE828E48D9A007DB01B /* Serializer.swift in Sources */,
				22C3EEE728E48D9A007DB01B /* NEVPNStatus+Ext.swift in Sources */,
				92D6B41428E1E133004CF9DF /* DVPNServer.swift in Sources */,
				923C371828E5D20D003CFC03 /* GetNodesRequest.swift in Sources */,
				92D6B47428E48F64004CF9DF /* Continent.swift in Sources */,
				92D6B47128E47E71004CF9DF /* NodesServiceType.swift in Sources */,
				22C3EEA828E4733C007DB01B /* Keychain.swift in Sources */,
				22C3EECE28E48B52007DB01B /* PeersModel.swift in Sources */,
				92D6B41E28E2F64D004CF9DF /* ClientConstants.swift in Sources */,
				923C371628E5B9DE003CFC03 /* ContextBuilder.swift in Sources */,
				22C3EECD28E48B52007DB01B /* TunnelInterfaceModel.swift in Sources */,
				22C3EEF628E48EBF007DB01B /* StoresDNSServers.swift in Sources */,
				22488A9628E7285500FE29C3 /* PostConnectionRequest.swift in Sources */,
				92D6B3FF28E19E20004CF9DF /* SceneDelegate.swift in Sources */,
				22C3EED328E48B52007DB01B /* TunnelsServiceStatusDelegate.swift in Sources */,
				22C3EECF28E48B52007DB01B /* TunnelSavingError.swift in Sources */,
				22488AA228E72C4E00FE29C3 /* KeychainStorageStrategy.swift in Sources */,
				22C3EEE428E48D9A007DB01B /* NETunnelProviderManager+Ext.swift in Sources */,
				22C3EEAA28E4733C007DB01B /* NETunnelProviderProtocol+Extension.swift in Sources */,
				22488AA328E72C4E00FE29C3 /* StoresWallet.swift in Sources */,
				22C3EED128E48B52007DB01B /* TunnelStatus.swift in Sources */,
			);
			runOnlyForDeploymentPostprocessing = 0;
		};
		92D6B42028E32900004CF9DF /* Sources */ = {
			isa = PBXSourcesBuildPhase;
			buildActionMask = 2147483647;
			files = (
				92D6B44428E34A9B004CF9DF /* AnyEncodable.swift in Sources */,
				92D6B44F28E45EA0004CF9DF /* NodesAPITarget.swift in Sources */,
				92D6B45D28E4636B004CF9DF /* GetNodesRequest.swift in Sources */,
				92D6B46628E47311004CF9DF /* PageResponse.swift in Sources */,
				92D6B46128E463EF004CF9DF /* NodeStatusType.swift in Sources */,
				92D6B45428E45F15004CF9DF /* NodesProviderType.swift in Sources */,
				92D6B46328E47240004CF9DF /* Node.swift in Sources */,
				92D6B45F28E4639D004CF9DF /* OrderType.swift in Sources */,
				92D6B45228E45F03004CF9DF /* NodesProvider.swift in Sources */,
				92D6B44628E34D7C004CF9DF /* APIRequest.swift in Sources */,
				92D6B42828E32900004CF9DF /* SOLARAPI.docc in Sources */,
				92D6B45A28E46283004CF9DF /* NetworkError.swift in Sources */,
				92D6B46C28E47519004CF9DF /* Encodable+Ext.swift in Sources */,
				92D6B45628E4609E004CF9DF /* APITarget.swift in Sources */,
				92D6B45828E46118004CF9DF /* SOLARAPIProvider.swift in Sources */,
			);
			runOnlyForDeploymentPostprocessing = 0;
		};
/* End PBXSourcesBuildPhase section */

/* Begin PBXTargetDependency section */
		22C3EE8F28E4638E007DB01B /* PBXTargetDependency */ = {
			isa = PBXTargetDependency;
			target = 22C3EE8628E4638E007DB01B /* WireGuardNetworkExtension */;
			targetProxy = 22C3EE8E28E4638E007DB01B /* PBXContainerItemProxy */;
		};
		22C3EE9528E463CA007DB01B /* PBXTargetDependency */ = {
			isa = PBXTargetDependency;
			target = 22C3EE6B28E4632B007DB01B /* WireGuardGoBridgeiOS */;
			targetProxy = 22C3EE9428E463CA007DB01B /* PBXContainerItemProxy */;
		};
		92D6B43828E32900004CF9DF /* PBXTargetDependency */ = {
			isa = PBXTargetDependency;
			target = 92D6B42328E32900004CF9DF /* SOLARAPI */;
			targetProxy = 92D6B43728E32900004CF9DF /* PBXContainerItemProxy */;
		};
/* End PBXTargetDependency section */

/* Begin PBXVariantGroup section */
		92D6B40228E19E20004CF9DF /* Main.storyboard */ = {
			isa = PBXVariantGroup;
			children = (
				92D6B40328E19E20004CF9DF /* Base */,
			);
			name = Main.storyboard;
			sourceTree = "<group>";
		};
		92D6B40728E19E21004CF9DF /* LaunchScreen.storyboard */ = {
			isa = PBXVariantGroup;
			children = (
				92D6B40828E19E21004CF9DF /* Base */,
			);
			name = LaunchScreen.storyboard;
			sourceTree = "<group>";
		};
/* End PBXVariantGroup section */

/* Begin XCBuildConfiguration section */
		22C3EE6D28E4632C007DB01B /* Debug */ = {
			isa = XCBuildConfiguration;
			buildSettings = {
				CODE_SIGN_STYLE = Automatic;
				DEBUGGING_SYMBOLS = YES;
				DEBUG_INFORMATION_FORMAT = dwarf;
				GCC_GENERATE_DEBUGGING_SYMBOLS = YES;
				GCC_OPTIMIZATION_LEVEL = 0;
				OTHER_CFLAGS = "";
				OTHER_LDFLAGS = "";
				PATH = "${PATH}:/usr/local/go/bin";
				PRODUCT_NAME = "$(TARGET_NAME)";
			};
			name = Debug;
		};
		22C3EE6E28E4632C007DB01B /* Release */ = {
			isa = XCBuildConfiguration;
			buildSettings = {
				CODE_SIGN_STYLE = Automatic;
				DEBUG_INFORMATION_FORMAT = "dwarf-with-dsym";
				OTHER_CFLAGS = "";
				OTHER_LDFLAGS = "";
				PATH = "${PATH}:/usr/local/go/bin";
				PRODUCT_NAME = "$(TARGET_NAME)";
			};
			name = Release;
		};
		22C3EE9228E4638E007DB01B /* Debug */ = {
			isa = XCBuildConfiguration;
			buildSettings = {
				CLANG_CXX_LIBRARY = "libc++";
				CODE_SIGN_ENTITLEMENTS = WireGuardNetworkExtension/WireGuardNetworkExtension.entitlements;
				CODE_SIGN_STYLE = Automatic;
				CURRENT_PROJECT_VERSION = 1;
				DEVELOPMENT_TEAM = FVU6756987;
				ENABLE_BITCODE = NO;
				GENERATE_INFOPLIST_FILE = YES;
				INFOPLIST_FILE = WireGuardNetworkExtension/Info.plist;
				INFOPLIST_KEY_CFBundleDisplayName = WireGuardNetworkExtension;
				INFOPLIST_KEY_NSHumanReadableCopyright = "";
				IPHONEOS_DEPLOYMENT_TARGET = 16.0;
				LD_RUNPATH_SEARCH_PATHS = (
					"$(inherited)",
					"@executable_path/Frameworks",
					"@executable_path/../../Frameworks",
				);
				MARKETING_VERSION = 1.0;
				PRODUCT_BUNDLE_IDENTIFIER = "ee.solarlabs.community-core.ios.network-extension";
				PRODUCT_NAME = "$(TARGET_NAME)";
				SKIP_INSTALL = YES;
				SWIFT_EMIT_LOC_STRINGS = YES;
				SWIFT_VERSION = 5.0;
				TARGETED_DEVICE_FAMILY = "1,2";
			};
			name = Debug;
		};
		22C3EE9328E4638E007DB01B /* Release */ = {
			isa = XCBuildConfiguration;
			buildSettings = {
				CLANG_CXX_LIBRARY = "libc++";
				CODE_SIGN_ENTITLEMENTS = WireGuardNetworkExtension/WireGuardNetworkExtension.entitlements;
				CODE_SIGN_STYLE = Automatic;
				CURRENT_PROJECT_VERSION = 1;
				DEVELOPMENT_TEAM = FVU6756987;
				ENABLE_BITCODE = NO;
				GENERATE_INFOPLIST_FILE = YES;
				INFOPLIST_FILE = WireGuardNetworkExtension/Info.plist;
				INFOPLIST_KEY_CFBundleDisplayName = WireGuardNetworkExtension;
				INFOPLIST_KEY_NSHumanReadableCopyright = "";
				IPHONEOS_DEPLOYMENT_TARGET = 16.0;
				LD_RUNPATH_SEARCH_PATHS = (
					"$(inherited)",
					"@executable_path/Frameworks",
					"@executable_path/../../Frameworks",
				);
				MARKETING_VERSION = 1.0;
				PRODUCT_BUNDLE_IDENTIFIER = "ee.solarlabs.community-core.ios.network-extension";
				PRODUCT_NAME = "$(TARGET_NAME)";
				SKIP_INSTALL = YES;
				SWIFT_EMIT_LOC_STRINGS = YES;
				SWIFT_VERSION = 5.0;
				TARGETED_DEVICE_FAMILY = "1,2";
			};
			name = Release;
		};
		92D6B40B28E19E21004CF9DF /* Debug */ = {
			isa = XCBuildConfiguration;
			buildSettings = {
				ALWAYS_SEARCH_USER_PATHS = NO;
				CLANG_ANALYZER_NONNULL = YES;
				CLANG_ANALYZER_NUMBER_OBJECT_CONVERSION = YES_AGGRESSIVE;
				CLANG_CXX_LANGUAGE_STANDARD = "gnu++20";
				CLANG_ENABLE_MODULES = YES;
				CLANG_ENABLE_OBJC_ARC = YES;
				CLANG_ENABLE_OBJC_WEAK = YES;
				CLANG_WARN_BLOCK_CAPTURE_AUTORELEASING = YES;
				CLANG_WARN_BOOL_CONVERSION = YES;
				CLANG_WARN_COMMA = YES;
				CLANG_WARN_CONSTANT_CONVERSION = YES;
				CLANG_WARN_DEPRECATED_OBJC_IMPLEMENTATIONS = YES;
				CLANG_WARN_DIRECT_OBJC_ISA_USAGE = YES_ERROR;
				CLANG_WARN_DOCUMENTATION_COMMENTS = YES;
				CLANG_WARN_EMPTY_BODY = YES;
				CLANG_WARN_ENUM_CONVERSION = YES;
				CLANG_WARN_INFINITE_RECURSION = YES;
				CLANG_WARN_INT_CONVERSION = YES;
				CLANG_WARN_NON_LITERAL_NULL_CONVERSION = YES;
				CLANG_WARN_OBJC_IMPLICIT_RETAIN_SELF = YES;
				CLANG_WARN_OBJC_LITERAL_CONVERSION = YES;
				CLANG_WARN_OBJC_ROOT_CLASS = YES_ERROR;
				CLANG_WARN_QUOTED_INCLUDE_IN_FRAMEWORK_HEADER = YES;
				CLANG_WARN_RANGE_LOOP_ANALYSIS = YES;
				CLANG_WARN_STRICT_PROTOTYPES = YES;
				CLANG_WARN_SUSPICIOUS_MOVE = YES;
				CLANG_WARN_UNGUARDED_AVAILABILITY = YES_AGGRESSIVE;
				CLANG_WARN_UNREACHABLE_CODE = YES;
				CLANG_WARN__DUPLICATE_METHOD_MATCH = YES;
				COPY_PHASE_STRIP = NO;
				DEBUG_INFORMATION_FORMAT = dwarf;
				ENABLE_STRICT_OBJC_MSGSEND = YES;
				ENABLE_TESTABILITY = YES;
				GCC_C_LANGUAGE_STANDARD = gnu11;
				GCC_DYNAMIC_NO_PIC = NO;
				GCC_NO_COMMON_BLOCKS = YES;
				GCC_OPTIMIZATION_LEVEL = 0;
				GCC_PREPROCESSOR_DEFINITIONS = (
					"DEBUG=1",
					"$(inherited)",
				);
				GCC_WARN_64_TO_32_BIT_CONVERSION = YES;
				GCC_WARN_ABOUT_RETURN_TYPE = YES_ERROR;
				GCC_WARN_UNDECLARED_SELECTOR = YES;
				GCC_WARN_UNINITIALIZED_AUTOS = YES_AGGRESSIVE;
				GCC_WARN_UNUSED_FUNCTION = YES;
				GCC_WARN_UNUSED_VARIABLE = YES;
				IPHONEOS_DEPLOYMENT_TARGET = 15.0;
				MTL_ENABLE_DEBUG_INFO = INCLUDE_SOURCE;
				MTL_FAST_MATH = YES;
				ONLY_ACTIVE_ARCH = YES;
				SDKROOT = iphoneos;
				SWIFT_ACTIVE_COMPILATION_CONDITIONS = DEBUG;
				SWIFT_OPTIMIZATION_LEVEL = "-Onone";
			};
			name = Debug;
		};
		92D6B40C28E19E21004CF9DF /* Release */ = {
			isa = XCBuildConfiguration;
			buildSettings = {
				ALWAYS_SEARCH_USER_PATHS = NO;
				CLANG_ANALYZER_NONNULL = YES;
				CLANG_ANALYZER_NUMBER_OBJECT_CONVERSION = YES_AGGRESSIVE;
				CLANG_CXX_LANGUAGE_STANDARD = "gnu++20";
				CLANG_ENABLE_MODULES = YES;
				CLANG_ENABLE_OBJC_ARC = YES;
				CLANG_ENABLE_OBJC_WEAK = YES;
				CLANG_WARN_BLOCK_CAPTURE_AUTORELEASING = YES;
				CLANG_WARN_BOOL_CONVERSION = YES;
				CLANG_WARN_COMMA = YES;
				CLANG_WARN_CONSTANT_CONVERSION = YES;
				CLANG_WARN_DEPRECATED_OBJC_IMPLEMENTATIONS = YES;
				CLANG_WARN_DIRECT_OBJC_ISA_USAGE = YES_ERROR;
				CLANG_WARN_DOCUMENTATION_COMMENTS = YES;
				CLANG_WARN_EMPTY_BODY = YES;
				CLANG_WARN_ENUM_CONVERSION = YES;
				CLANG_WARN_INFINITE_RECURSION = YES;
				CLANG_WARN_INT_CONVERSION = YES;
				CLANG_WARN_NON_LITERAL_NULL_CONVERSION = YES;
				CLANG_WARN_OBJC_IMPLICIT_RETAIN_SELF = YES;
				CLANG_WARN_OBJC_LITERAL_CONVERSION = YES;
				CLANG_WARN_OBJC_ROOT_CLASS = YES_ERROR;
				CLANG_WARN_QUOTED_INCLUDE_IN_FRAMEWORK_HEADER = YES;
				CLANG_WARN_RANGE_LOOP_ANALYSIS = YES;
				CLANG_WARN_STRICT_PROTOTYPES = YES;
				CLANG_WARN_SUSPICIOUS_MOVE = YES;
				CLANG_WARN_UNGUARDED_AVAILABILITY = YES_AGGRESSIVE;
				CLANG_WARN_UNREACHABLE_CODE = YES;
				CLANG_WARN__DUPLICATE_METHOD_MATCH = YES;
				COPY_PHASE_STRIP = NO;
				DEBUG_INFORMATION_FORMAT = "dwarf-with-dsym";
				ENABLE_NS_ASSERTIONS = NO;
				ENABLE_STRICT_OBJC_MSGSEND = YES;
				GCC_C_LANGUAGE_STANDARD = gnu11;
				GCC_NO_COMMON_BLOCKS = YES;
				GCC_WARN_64_TO_32_BIT_CONVERSION = YES;
				GCC_WARN_ABOUT_RETURN_TYPE = YES_ERROR;
				GCC_WARN_UNDECLARED_SELECTOR = YES;
				GCC_WARN_UNINITIALIZED_AUTOS = YES_AGGRESSIVE;
				GCC_WARN_UNUSED_FUNCTION = YES;
				GCC_WARN_UNUSED_VARIABLE = YES;
				IPHONEOS_DEPLOYMENT_TARGET = 15.0;
				MTL_ENABLE_DEBUG_INFO = NO;
				MTL_FAST_MATH = YES;
				SDKROOT = iphoneos;
				SWIFT_COMPILATION_MODE = wholemodule;
				SWIFT_OPTIMIZATION_LEVEL = "-O";
				VALIDATE_PRODUCT = YES;
			};
			name = Release;
		};
		92D6B40E28E19E21004CF9DF /* Debug */ = {
			isa = XCBuildConfiguration;
			buildSettings = {
				ALWAYS_EMBED_SWIFT_STANDARD_LIBRARIES = YES;
				ASSETCATALOG_COMPILER_APPICON_NAME = AppIcon;
				ASSETCATALOG_COMPILER_GLOBAL_ACCENT_COLOR_NAME = AccentColor;
				CODE_SIGN_ENTITLEMENTS = SOLARdVPNCommunityCoreiOS/SOLARdVPNCommunityCoreiOS.entitlements;
				CODE_SIGN_STYLE = Automatic;
				CURRENT_PROJECT_VERSION = 1;
				DEVELOPMENT_TEAM = FVU6756987;
				ENABLE_BITCODE = NO;
				GENERATE_INFOPLIST_FILE = YES;
				INFOPLIST_FILE = SolardVPNCommunityCoreiOS/Info.plist;
				INFOPLIST_KEY_UIApplicationSupportsIndirectInputEvents = YES;
				INFOPLIST_KEY_UILaunchStoryboardName = LaunchScreen;
				INFOPLIST_KEY_UIMainStoryboardFile = Main;
				INFOPLIST_KEY_UISupportedInterfaceOrientations_iPad = "UIInterfaceOrientationPortrait UIInterfaceOrientationPortraitUpsideDown UIInterfaceOrientationLandscapeLeft UIInterfaceOrientationLandscapeRight";
				INFOPLIST_KEY_UISupportedInterfaceOrientations_iPhone = "UIInterfaceOrientationPortrait UIInterfaceOrientationLandscapeLeft UIInterfaceOrientationLandscapeRight";
				LD_RUNPATH_SEARCH_PATHS = (
					"$(inherited)",
					"@executable_path/Frameworks",
				);
				MARKETING_VERSION = 1.0;
				PRODUCT_BUNDLE_IDENTIFIER = "ee.solarlabs.community-core.ios";
				PRODUCT_NAME = "$(TARGET_NAME)";
				SWIFT_EMIT_LOC_STRINGS = YES;
				SWIFT_VERSION = 5.0;
				TARGETED_DEVICE_FAMILY = "1,2";
			};
			name = Debug;
		};
		92D6B40F28E19E21004CF9DF /* Release */ = {
			isa = XCBuildConfiguration;
			buildSettings = {
				ALWAYS_EMBED_SWIFT_STANDARD_LIBRARIES = YES;
				ASSETCATALOG_COMPILER_APPICON_NAME = AppIcon;
				ASSETCATALOG_COMPILER_GLOBAL_ACCENT_COLOR_NAME = AccentColor;
				CODE_SIGN_ENTITLEMENTS = SOLARdVPNCommunityCoreiOS/SOLARdVPNCommunityCoreiOS.entitlements;
				CODE_SIGN_STYLE = Automatic;
				CURRENT_PROJECT_VERSION = 1;
				DEVELOPMENT_TEAM = FVU6756987;
				ENABLE_BITCODE = NO;
				GENERATE_INFOPLIST_FILE = YES;
				INFOPLIST_FILE = SolardVPNCommunityCoreiOS/Info.plist;
				INFOPLIST_KEY_UIApplicationSupportsIndirectInputEvents = YES;
				INFOPLIST_KEY_UILaunchStoryboardName = LaunchScreen;
				INFOPLIST_KEY_UIMainStoryboardFile = Main;
				INFOPLIST_KEY_UISupportedInterfaceOrientations_iPad = "UIInterfaceOrientationPortrait UIInterfaceOrientationPortraitUpsideDown UIInterfaceOrientationLandscapeLeft UIInterfaceOrientationLandscapeRight";
				INFOPLIST_KEY_UISupportedInterfaceOrientations_iPhone = "UIInterfaceOrientationPortrait UIInterfaceOrientationLandscapeLeft UIInterfaceOrientationLandscapeRight";
				LD_RUNPATH_SEARCH_PATHS = (
					"$(inherited)",
					"@executable_path/Frameworks",
				);
				MARKETING_VERSION = 1.0;
				PRODUCT_BUNDLE_IDENTIFIER = "ee.solarlabs.community-core.ios";
				PRODUCT_NAME = "$(TARGET_NAME)";
				SWIFT_EMIT_LOC_STRINGS = YES;
				SWIFT_VERSION = 5.0;
				TARGETED_DEVICE_FAMILY = "1,2";
			};
			name = Release;
		};
		92D6B43C28E32900004CF9DF /* Debug */ = {
			isa = XCBuildConfiguration;
			buildSettings = {
				CODE_SIGN_STYLE = Automatic;
				CURRENT_PROJECT_VERSION = 1;
				DEFINES_MODULE = YES;
				DEVELOPMENT_TEAM = FVU6756987;
				DYLIB_COMPATIBILITY_VERSION = 1;
				DYLIB_CURRENT_VERSION = 1;
				DYLIB_INSTALL_NAME_BASE = "@rpath";
				GENERATE_INFOPLIST_FILE = YES;
				INFOPLIST_KEY_NSHumanReadableCopyright = "";
				INSTALL_PATH = "$(LOCAL_LIBRARY_DIR)/Frameworks";
				IPHONEOS_DEPLOYMENT_TARGET = 15.0;
				LD_RUNPATH_SEARCH_PATHS = (
					"$(inherited)",
					"@executable_path/Frameworks",
					"@loader_path/Frameworks",
				);
				MARKETING_VERSION = 1.0;
				PRODUCT_BUNDLE_IDENTIFIER = "ee.solarlabs.community-core.ios.SOLARAPI";
				PRODUCT_NAME = "$(TARGET_NAME:c99extidentifier)";
				SKIP_INSTALL = YES;
				SWIFT_EMIT_LOC_STRINGS = YES;
				SWIFT_VERSION = 5.0;
				TARGETED_DEVICE_FAMILY = "1,2";
				VERSIONING_SYSTEM = "apple-generic";
				VERSION_INFO_PREFIX = "";
			};
			name = Debug;
		};
		92D6B43D28E32900004CF9DF /* Release */ = {
			isa = XCBuildConfiguration;
			buildSettings = {
				CODE_SIGN_STYLE = Automatic;
				CURRENT_PROJECT_VERSION = 1;
				DEFINES_MODULE = YES;
				DEVELOPMENT_TEAM = FVU6756987;
				DYLIB_COMPATIBILITY_VERSION = 1;
				DYLIB_CURRENT_VERSION = 1;
				DYLIB_INSTALL_NAME_BASE = "@rpath";
				GENERATE_INFOPLIST_FILE = YES;
				INFOPLIST_KEY_NSHumanReadableCopyright = "";
				INSTALL_PATH = "$(LOCAL_LIBRARY_DIR)/Frameworks";
				IPHONEOS_DEPLOYMENT_TARGET = 15.0;
				LD_RUNPATH_SEARCH_PATHS = (
					"$(inherited)",
					"@executable_path/Frameworks",
					"@loader_path/Frameworks",
				);
				MARKETING_VERSION = 1.0;
				PRODUCT_BUNDLE_IDENTIFIER = "ee.solarlabs.community-core.ios.SOLARAPI";
				PRODUCT_NAME = "$(TARGET_NAME:c99extidentifier)";
				SKIP_INSTALL = YES;
				SWIFT_EMIT_LOC_STRINGS = YES;
				SWIFT_VERSION = 5.0;
				TARGETED_DEVICE_FAMILY = "1,2";
				VERSIONING_SYSTEM = "apple-generic";
				VERSION_INFO_PREFIX = "";
			};
			name = Release;
		};
/* End XCBuildConfiguration section */

/* Begin XCConfigurationList section */
		22C3EE6C28E4632C007DB01B /* Build configuration list for PBXLegacyTarget "WireGuardGoBridgeiOS" */ = {
			isa = XCConfigurationList;
			buildConfigurations = (
				22C3EE6D28E4632C007DB01B /* Debug */,
				22C3EE6E28E4632C007DB01B /* Release */,
			);
			defaultConfigurationIsVisible = 0;
			defaultConfigurationName = Release;
		};
		22C3EE9128E4638E007DB01B /* Build configuration list for PBXNativeTarget "WireGuardNetworkExtension" */ = {
			isa = XCConfigurationList;
			buildConfigurations = (
				22C3EE9228E4638E007DB01B /* Debug */,
				22C3EE9328E4638E007DB01B /* Release */,
			);
			defaultConfigurationIsVisible = 0;
			defaultConfigurationName = Release;
		};
		92D6B3F428E19E20004CF9DF /* Build configuration list for PBXProject "SOLARdVPNCommunityCoreiOS" */ = {
			isa = XCConfigurationList;
			buildConfigurations = (
				92D6B40B28E19E21004CF9DF /* Debug */,
				92D6B40C28E19E21004CF9DF /* Release */,
			);
			defaultConfigurationIsVisible = 0;
			defaultConfigurationName = Release;
		};
		92D6B40D28E19E21004CF9DF /* Build configuration list for PBXNativeTarget "SOLARdVPNCommunityCoreiOS" */ = {
			isa = XCConfigurationList;
			buildConfigurations = (
				92D6B40E28E19E21004CF9DF /* Debug */,
				92D6B40F28E19E21004CF9DF /* Release */,
			);
			defaultConfigurationIsVisible = 0;
			defaultConfigurationName = Release;
		};
		92D6B43B28E32900004CF9DF /* Build configuration list for PBXNativeTarget "SOLARAPI" */ = {
			isa = XCConfigurationList;
			buildConfigurations = (
				92D6B43C28E32900004CF9DF /* Debug */,
				92D6B43D28E32900004CF9DF /* Release */,
			);
			defaultConfigurationIsVisible = 0;
			defaultConfigurationName = Release;
		};
/* End XCConfigurationList section */

/* Begin XCRemoteSwiftPackageReference section */
		22488AA428E72CF000FE29C3 /* XCRemoteSwiftPackageReference "KeychainAccess" */ = {
			isa = XCRemoteSwiftPackageReference;
			repositoryURL = "https://github.com/kishikawakatsumi/KeychainAccess.git";
			requirement = {
				branch = master;
				kind = branch;
			};
		};
		22C3EE6828E460B2007DB01B /* XCRemoteSwiftPackageReference "wireguard-apple" */ = {
			isa = XCRemoteSwiftPackageReference;
			repositoryURL = "https://git.zx2c4.com/wireguard-apple";
			requirement = {
				kind = upToNextMinorVersion;
				minimumVersion = "1.0.15-26";
			};
		};
		22C3EE9828E464A1007DB01B /* XCRemoteSwiftPackageReference "Alamofire" */ = {
			isa = XCRemoteSwiftPackageReference;
			repositoryURL = "https://github.com/Alamofire/Alamofire.git";
			requirement = {
				branch = master;
				kind = branch;
			};
		};
		22C3EEAF28E473E5007DB01B /* XCRemoteSwiftPackageReference "SwiftyBeaver" */ = {
			isa = XCRemoteSwiftPackageReference;
			repositoryURL = "https://github.com/SwiftyBeaver/SwiftyBeaver.git";
			requirement = {
				kind = upToNextMajorVersion;
				minimumVersion = 1.0.0;
			};
		};
		22C3EEEF28E48E2F007DB01B /* XCRemoteSwiftPackageReference "sentinel-wallet-sdk-ios" */ = {
			isa = XCRemoteSwiftPackageReference;
			repositoryURL = "https://github.com/solarlabsteam/sentinel-wallet-sdk-ios";
			requirement = {
				branch = develop;
				kind = branch;
			};
		};
		92D6B41028E1D765004CF9DF /* XCRemoteSwiftPackageReference "vapor" */ = {
			isa = XCRemoteSwiftPackageReference;
			repositoryURL = "https://github.com/vapor/vapor.git";
			requirement = {
				kind = upToNextMinorVersion;
				minimumVersion = 4.65.2;
			};
		};
		92D6B44B28E438EF004CF9DF /* XCRemoteSwiftPackageReference "Alamofire" */ = {
			isa = XCRemoteSwiftPackageReference;
			repositoryURL = "https://github.com/Alamofire/Alamofire.git";
			requirement = {
				branch = master;
				kind = branch;
			};
		};
/* End XCRemoteSwiftPackageReference section */

/* Begin XCSwiftPackageProductDependency section */
		22488AA528E72CF000FE29C3 /* KeychainAccess */ = {
			isa = XCSwiftPackageProductDependency;
			package = 22488AA428E72CF000FE29C3 /* XCRemoteSwiftPackageReference "KeychainAccess" */;
			productName = KeychainAccess;
		};
		22C3EE6928E460B2007DB01B /* WireGuardKit */ = {
			isa = XCSwiftPackageProductDependency;
			package = 22C3EE6828E460B2007DB01B /* XCRemoteSwiftPackageReference "wireguard-apple" */;
			productName = WireGuardKit;
		};
		22C3EE9628E463D6007DB01B /* WireGuardKit */ = {
			isa = XCSwiftPackageProductDependency;
			package = 22C3EE6828E460B2007DB01B /* XCRemoteSwiftPackageReference "wireguard-apple" */;
			productName = WireGuardKit;
		};
		22C3EE9928E464A1007DB01B /* Alamofire */ = {
			isa = XCSwiftPackageProductDependency;
			package = 22C3EE9828E464A1007DB01B /* XCRemoteSwiftPackageReference "Alamofire" */;
			productName = Alamofire;
		};
		22C3EEB028E473E5007DB01B /* SwiftyBeaver */ = {
			isa = XCSwiftPackageProductDependency;
			package = 22C3EEAF28E473E5007DB01B /* XCRemoteSwiftPackageReference "SwiftyBeaver" */;
			productName = SwiftyBeaver;
		};
		22C3EEB928E4830F007DB01B /* SwiftyBeaver */ = {
			isa = XCSwiftPackageProductDependency;
			package = 22C3EEAF28E473E5007DB01B /* XCRemoteSwiftPackageReference "SwiftyBeaver" */;
			productName = SwiftyBeaver;
		};
		22C3EEF028E48E2F007DB01B /* SentinelWallet */ = {
			isa = XCSwiftPackageProductDependency;
			package = 22C3EEEF28E48E2F007DB01B /* XCRemoteSwiftPackageReference "sentinel-wallet-sdk-ios" */;
			productName = SentinelWallet;
		};
		92D6B41128E1D765004CF9DF /* Vapor */ = {
			isa = XCSwiftPackageProductDependency;
			package = 92D6B41028E1D765004CF9DF /* XCRemoteSwiftPackageReference "vapor" */;
			productName = Vapor;
		};
		92D6B44C28E438EF004CF9DF /* Alamofire */ = {
			isa = XCSwiftPackageProductDependency;
			package = 92D6B44B28E438EF004CF9DF /* XCRemoteSwiftPackageReference "Alamofire" */;
			productName = Alamofire;
		};
		92D6B46828E47471004CF9DF /* Alamofire */ = {
			isa = XCSwiftPackageProductDependency;
			package = 92D6B44B28E438EF004CF9DF /* XCRemoteSwiftPackageReference "Alamofire" */;
			productName = Alamofire;
		};
/* End XCSwiftPackageProductDependency section */
	};
	rootObject = 92D6B3F128E19E20004CF9DF /* Project object */;
}
